// !$*UTF8*$!
{
	archiveVersion = 1;
	classes = {
	};
	objectVersion = 56;
	objects = {

/* Begin PBXBuildFile section */
		5A7E39922AB139D900143175 /* CalculateViewController.swift in Sources */ = {isa = PBXBuildFile; fileRef = 5A7E39912AB139D900143175 /* CalculateViewController.swift */; };
		5A7E39942AB13A9800143175 /* CalculateViewModel.swift in Sources */ = {isa = PBXBuildFile; fileRef = 5A7E39932AB13A9800143175 /* CalculateViewModel.swift */; };
		5A7E39962AB13DAF00143175 /* SequenceObservavle.swift in Sources */ = {isa = PBXBuildFile; fileRef = 5A7E39952AB13DAF00143175 /* SequenceObservavle.swift */; };
		5AF37F2F2AAE994200368240 /* AppDelegate.swift in Sources */ = {isa = PBXBuildFile; fileRef = 5AF37F2E2AAE994200368240 /* AppDelegate.swift */; };
		5AF37F312AAE994200368240 /* SceneDelegate.swift in Sources */ = {isa = PBXBuildFile; fileRef = 5AF37F302AAE994200368240 /* SceneDelegate.swift */; };
		5AF37F332AAE994200368240 /* ViewController.swift in Sources */ = {isa = PBXBuildFile; fileRef = 5AF37F322AAE994200368240 /* ViewController.swift */; };
		5AF37F362AAE994200368240 /* Main.storyboard in Resources */ = {isa = PBXBuildFile; fileRef = 5AF37F342AAE994200368240 /* Main.storyboard */; };
		5AF37F382AAE994800368240 /* Assets.xcassets in Resources */ = {isa = PBXBuildFile; fileRef = 5AF37F372AAE994800368240 /* Assets.xcassets */; };
		5AF37F3B2AAE994800368240 /* LaunchScreen.storyboard in Resources */ = {isa = PBXBuildFile; fileRef = 5AF37F392AAE994800368240 /* LaunchScreen.storyboard */; };
		5AF37F462AAE994900368240 /* UnsplashTests.swift in Sources */ = {isa = PBXBuildFile; fileRef = 5AF37F452AAE994900368240 /* UnsplashTests.swift */; };
		5AF37F502AAE994900368240 /* UnsplashUITests.swift in Sources */ = {isa = PBXBuildFile; fileRef = 5AF37F4F2AAE994900368240 /* UnsplashUITests.swift */; };
		5AF37F522AAE994900368240 /* UnsplashUITestsLaunchTests.swift in Sources */ = {isa = PBXBuildFile; fileRef = 5AF37F512AAE994900368240 /* UnsplashUITestsLaunchTests.swift */; };
		5AF37F662AAEAE4D00368240 /* Localizable.strings in Resources */ = {isa = PBXBuildFile; fileRef = 5AF37F682AAEAE4D00368240 /* Localizable.strings */; };
		5AF37F6C2AAEBACB00368240 /* String+.swift in Sources */ = {isa = PBXBuildFile; fileRef = 5AF37F6B2AAEBACB00368240 /* String+.swift */; };
		5AF37F802AAFEEAC00368240 /* LoginViewController.swift in Sources */ = {isa = PBXBuildFile; fileRef = 5AF37F7F2AAFEEAC00368240 /* LoginViewController.swift */; };
		5AF37F822AAFF2FD00368240 /* Observable.swift in Sources */ = {isa = PBXBuildFile; fileRef = 5AF37F812AAFF2FD00368240 /* Observable.swift */; };
		5AF37F852AAFFDDE00368240 /* SampleViewController.swift in Sources */ = {isa = PBXBuildFile; fileRef = 5AF37F842AAFFDDD00368240 /* SampleViewController.swift */; };
		5AF37F872AB0014E00368240 /* SampleViewModel.swift in Sources */ = {isa = PBXBuildFile; fileRef = 5AF37F862AB0014E00368240 /* SampleViewModel.swift */; };
		5AF37F892AB00E4500368240 /* LoginViewModel.swift in Sources */ = {isa = PBXBuildFile; fileRef = 5AF37F882AB00E4500368240 /* LoginViewModel.swift */; };
		5AF37F8C2AB02A5F00368240 /* Photo.swift in Sources */ = {isa = PBXBuildFile; fileRef = 5AF37F8B2AB02A5F00368240 /* Photo.swift */; };
		5AF37F8E2AB02A6B00368240 /* APIService.swift in Sources */ = {isa = PBXBuildFile; fileRef = 5AF37F8D2AB02A6B00368240 /* APIService.swift */; };
		5AF37F902AB02A9F00368240 /* APIKey.swift in Sources */ = {isa = PBXBuildFile; fileRef = 5AF37F8F2AB02A9F00368240 /* APIKey.swift */; };
		5AF37F922AB02B5200368240 /* PhotoViewController.swift in Sources */ = {isa = PBXBuildFile; fileRef = 5AF37F912AB02B5200368240 /* PhotoViewController.swift */; };
		5AF37F942AB02DA600368240 /* PhotoViewModel.swift in Sources */ = {isa = PBXBuildFile; fileRef = 5AF37F932AB02DA600368240 /* PhotoViewModel.swift */; };
		5AF37F962AB094CF00368240 /* PhotoTableViewCell.swift in Sources */ = {isa = PBXBuildFile; fileRef = 5AF37F952AB094CF00368240 /* PhotoTableViewCell.swift */; };
		5AF37F992AB0951900368240 /* SnapKit in Frameworks */ = {isa = PBXBuildFile; productRef = 5AF37F982AB0951900368240 /* SnapKit */; };
		5AF37F9C2AB096FD00368240 /* UIImageView+.swift in Sources */ = {isa = PBXBuildFile; fileRef = 5AF37F9B2AB096FD00368240 /* UIImageView+.swift */; };
/* End PBXBuildFile section */

/* Begin PBXContainerItemProxy section */
		5AF37F422AAE994900368240 /* PBXContainerItemProxy */ = {
			isa = PBXContainerItemProxy;
			containerPortal = 5AF37F232AAE994200368240 /* Project object */;
			proxyType = 1;
			remoteGlobalIDString = 5AF37F2A2AAE994200368240;
			remoteInfo = Unsplash;
		};
		5AF37F4C2AAE994900368240 /* PBXContainerItemProxy */ = {
			isa = PBXContainerItemProxy;
			containerPortal = 5AF37F232AAE994200368240 /* Project object */;
			proxyType = 1;
			remoteGlobalIDString = 5AF37F2A2AAE994200368240;
			remoteInfo = Unsplash;
		};
/* End PBXContainerItemProxy section */

/* Begin PBXFileReference section */
		5A7E39912AB139D900143175 /* CalculateViewController.swift */ = {isa = PBXFileReference; lastKnownFileType = sourcecode.swift; path = CalculateViewController.swift; sourceTree = "<group>"; };
		5A7E39932AB13A9800143175 /* CalculateViewModel.swift */ = {isa = PBXFileReference; lastKnownFileType = sourcecode.swift; path = CalculateViewModel.swift; sourceTree = "<group>"; };
		5A7E39952AB13DAF00143175 /* SequenceObservavle.swift */ = {isa = PBXFileReference; lastKnownFileType = sourcecode.swift; path = SequenceObservavle.swift; sourceTree = "<group>"; };
		5AF37F2B2AAE994200368240 /* Unsplash.app */ = {isa = PBXFileReference; explicitFileType = wrapper.application; includeInIndex = 0; path = Unsplash.app; sourceTree = BUILT_PRODUCTS_DIR; };
		5AF37F2E2AAE994200368240 /* AppDelegate.swift */ = {isa = PBXFileReference; lastKnownFileType = sourcecode.swift; path = AppDelegate.swift; sourceTree = "<group>"; };
		5AF37F302AAE994200368240 /* SceneDelegate.swift */ = {isa = PBXFileReference; lastKnownFileType = sourcecode.swift; path = SceneDelegate.swift; sourceTree = "<group>"; };
		5AF37F322AAE994200368240 /* ViewController.swift */ = {isa = PBXFileReference; lastKnownFileType = sourcecode.swift; path = ViewController.swift; sourceTree = "<group>"; };
		5AF37F352AAE994200368240 /* Base */ = {isa = PBXFileReference; lastKnownFileType = file.storyboard; name = Base; path = Base.lproj/Main.storyboard; sourceTree = "<group>"; };
		5AF37F372AAE994800368240 /* Assets.xcassets */ = {isa = PBXFileReference; lastKnownFileType = folder.assetcatalog; path = Assets.xcassets; sourceTree = "<group>"; };
		5AF37F3A2AAE994800368240 /* Base */ = {isa = PBXFileReference; lastKnownFileType = file.storyboard; name = Base; path = Base.lproj/LaunchScreen.storyboard; sourceTree = "<group>"; };
		5AF37F3C2AAE994800368240 /* Info.plist */ = {isa = PBXFileReference; lastKnownFileType = text.plist.xml; path = Info.plist; sourceTree = "<group>"; };
		5AF37F412AAE994900368240 /* UnsplashTests.xctest */ = {isa = PBXFileReference; explicitFileType = wrapper.cfbundle; includeInIndex = 0; path = UnsplashTests.xctest; sourceTree = BUILT_PRODUCTS_DIR; };
		5AF37F452AAE994900368240 /* UnsplashTests.swift */ = {isa = PBXFileReference; lastKnownFileType = sourcecode.swift; path = UnsplashTests.swift; sourceTree = "<group>"; };
		5AF37F4B2AAE994900368240 /* UnsplashUITests.xctest */ = {isa = PBXFileReference; explicitFileType = wrapper.cfbundle; includeInIndex = 0; path = UnsplashUITests.xctest; sourceTree = BUILT_PRODUCTS_DIR; };
		5AF37F4F2AAE994900368240 /* UnsplashUITests.swift */ = {isa = PBXFileReference; lastKnownFileType = sourcecode.swift; path = UnsplashUITests.swift; sourceTree = "<group>"; };
		5AF37F512AAE994900368240 /* UnsplashUITestsLaunchTests.swift */ = {isa = PBXFileReference; lastKnownFileType = sourcecode.swift; path = UnsplashUITestsLaunchTests.swift; sourceTree = "<group>"; };
		5AF37F5E2AAE9CE300368240 /* ko */ = {isa = PBXFileReference; lastKnownFileType = text.plist.strings; name = ko; path = ko.lproj/Main.strings; sourceTree = "<group>"; };
		5AF37F5F2AAE9CE300368240 /* ko */ = {isa = PBXFileReference; lastKnownFileType = text.plist.strings; name = ko; path = ko.lproj/LaunchScreen.strings; sourceTree = "<group>"; };
		5AF37F602AAE9CF500368240 /* ja */ = {isa = PBXFileReference; lastKnownFileType = text.plist.strings; name = ja; path = ja.lproj/Main.strings; sourceTree = "<group>"; };
		5AF37F612AAE9CF500368240 /* ja */ = {isa = PBXFileReference; lastKnownFileType = text.plist.strings; name = ja; path = ja.lproj/LaunchScreen.strings; sourceTree = "<group>"; };
		5AF37F632AAE9EA800368240 /* en */ = {isa = PBXFileReference; lastKnownFileType = text.plist.strings; name = en; path = en.lproj/Main.strings; sourceTree = "<group>"; };
		5AF37F672AAEAE4D00368240 /* en */ = {isa = PBXFileReference; lastKnownFileType = text.plist.strings; name = en; path = en.lproj/Localizable.strings; sourceTree = "<group>"; };
		5AF37F692AAEAE5200368240 /* ja */ = {isa = PBXFileReference; lastKnownFileType = text.plist.strings; name = ja; path = ja.lproj/Localizable.strings; sourceTree = "<group>"; };
		5AF37F6A2AAEB04300368240 /* ko */ = {isa = PBXFileReference; lastKnownFileType = text.plist.strings; name = ko; path = ko.lproj/Localizable.strings; sourceTree = "<group>"; };
		5AF37F6B2AAEBACB00368240 /* String+.swift */ = {isa = PBXFileReference; lastKnownFileType = sourcecode.swift; path = "String+.swift"; sourceTree = "<group>"; };
		5AF37F7F2AAFEEAC00368240 /* LoginViewController.swift */ = {isa = PBXFileReference; lastKnownFileType = sourcecode.swift; path = LoginViewController.swift; sourceTree = "<group>"; };
		5AF37F812AAFF2FD00368240 /* Observable.swift */ = {isa = PBXFileReference; lastKnownFileType = sourcecode.swift; path = Observable.swift; sourceTree = "<group>"; };
		5AF37F842AAFFDDD00368240 /* SampleViewController.swift */ = {isa = PBXFileReference; lastKnownFileType = sourcecode.swift; path = SampleViewController.swift; sourceTree = "<group>"; };
		5AF37F862AB0014E00368240 /* SampleViewModel.swift */ = {isa = PBXFileReference; lastKnownFileType = sourcecode.swift; path = SampleViewModel.swift; sourceTree = "<group>"; };
		5AF37F882AB00E4500368240 /* LoginViewModel.swift */ = {isa = PBXFileReference; lastKnownFileType = sourcecode.swift; path = LoginViewModel.swift; sourceTree = "<group>"; };
		5AF37F8B2AB02A5F00368240 /* Photo.swift */ = {isa = PBXFileReference; lastKnownFileType = sourcecode.swift; path = Photo.swift; sourceTree = "<group>"; };
		5AF37F8D2AB02A6B00368240 /* APIService.swift */ = {isa = PBXFileReference; lastKnownFileType = sourcecode.swift; path = APIService.swift; sourceTree = "<group>"; };
		5AF37F8F2AB02A9F00368240 /* APIKey.swift */ = {isa = PBXFileReference; lastKnownFileType = sourcecode.swift; path = APIKey.swift; sourceTree = "<group>"; };
		5AF37F912AB02B5200368240 /* PhotoViewController.swift */ = {isa = PBXFileReference; lastKnownFileType = sourcecode.swift; path = PhotoViewController.swift; sourceTree = "<group>"; };
		5AF37F932AB02DA600368240 /* PhotoViewModel.swift */ = {isa = PBXFileReference; lastKnownFileType = sourcecode.swift; path = PhotoViewModel.swift; sourceTree = "<group>"; };
		5AF37F952AB094CF00368240 /* PhotoTableViewCell.swift */ = {isa = PBXFileReference; lastKnownFileType = sourcecode.swift; path = PhotoTableViewCell.swift; sourceTree = "<group>"; };
		5AF37F9B2AB096FD00368240 /* UIImageView+.swift */ = {isa = PBXFileReference; lastKnownFileType = sourcecode.swift; path = "UIImageView+.swift"; sourceTree = "<group>"; };
/* End PBXFileReference section */

/* Begin PBXFrameworksBuildPhase section */
		5AF37F282AAE994200368240 /* Frameworks */ = {
			isa = PBXFrameworksBuildPhase;
			buildActionMask = 2147483647;
			files = (
				5AF37F992AB0951900368240 /* SnapKit in Frameworks */,
			);
			runOnlyForDeploymentPostprocessing = 0;
		};
		5AF37F3E2AAE994900368240 /* Frameworks */ = {
			isa = PBXFrameworksBuildPhase;
			buildActionMask = 2147483647;
			files = (
			);
			runOnlyForDeploymentPostprocessing = 0;
		};
		5AF37F482AAE994900368240 /* Frameworks */ = {
			isa = PBXFrameworksBuildPhase;
			buildActionMask = 2147483647;
			files = (
			);
			runOnlyForDeploymentPostprocessing = 0;
		};
/* End PBXFrameworksBuildPhase section */

/* Begin PBXGroup section */
		5A7E39902AB139BF00143175 /* Calculate */ = {
			isa = PBXGroup;
			children = (
				5A7E39912AB139D900143175 /* CalculateViewController.swift */,
				5A7E39932AB13A9800143175 /* CalculateViewModel.swift */,
				5A7E39952AB13DAF00143175 /* SequenceObservavle.swift */,
			);
			path = Calculate;
			sourceTree = "<group>";
		};
		5AF37F222AAE994200368240 = {
			isa = PBXGroup;
			children = (
				5AF37F2D2AAE994200368240 /* Unsplash */,
				5AF37F442AAE994900368240 /* UnsplashTests */,
				5AF37F4E2AAE994900368240 /* UnsplashUITests */,
				5AF37F2C2AAE994200368240 /* Products */,
			);
			sourceTree = "<group>";
		};
		5AF37F2C2AAE994200368240 /* Products */ = {
			isa = PBXGroup;
			children = (
				5AF37F2B2AAE994200368240 /* Unsplash.app */,
				5AF37F412AAE994900368240 /* UnsplashTests.xctest */,
				5AF37F4B2AAE994900368240 /* UnsplashUITests.xctest */,
			);
			name = Products;
			sourceTree = "<group>";
		};
		5AF37F2D2AAE994200368240 /* Unsplash */ = {
			isa = PBXGroup;
			children = (
				5A7E39902AB139BF00143175 /* Calculate */,
				5AF37F9A2AB096E700368240 /* Extension */,
				5AF37F8A2AB02A4A00368240 /* Photo */,
				5AF37F832AAFFDCD00368240 /* Sample */,
				5AF37F7C2AAFED4600368240 /* Login */,
				5AF37F682AAEAE4D00368240 /* Localizable.strings */,
				5AF37F2E2AAE994200368240 /* AppDelegate.swift */,
				5AF37F302AAE994200368240 /* SceneDelegate.swift */,
				5AF37F322AAE994200368240 /* ViewController.swift */,
				5AF37F812AAFF2FD00368240 /* Observable.swift */,
				5AF37F342AAE994200368240 /* Main.storyboard */,
				5AF37F372AAE994800368240 /* Assets.xcassets */,
				5AF37F392AAE994800368240 /* LaunchScreen.storyboard */,
				5AF37F3C2AAE994800368240 /* Info.plist */,
			);
			path = Unsplash;
			sourceTree = "<group>";
		};
		5AF37F442AAE994900368240 /* UnsplashTests */ = {
			isa = PBXGroup;
			children = (
				5AF37F452AAE994900368240 /* UnsplashTests.swift */,
			);
			path = UnsplashTests;
			sourceTree = "<group>";
		};
		5AF37F4E2AAE994900368240 /* UnsplashUITests */ = {
			isa = PBXGroup;
			children = (
				5AF37F4F2AAE994900368240 /* UnsplashUITests.swift */,
				5AF37F512AAE994900368240 /* UnsplashUITestsLaunchTests.swift */,
			);
			path = UnsplashUITests;
			sourceTree = "<group>";
		};
		5AF37F7C2AAFED4600368240 /* Login */ = {
			isa = PBXGroup;
			children = (
				5AF37F7F2AAFEEAC00368240 /* LoginViewController.swift */,
				5AF37F882AB00E4500368240 /* LoginViewModel.swift */,
			);
			path = Login;
			sourceTree = "<group>";
		};
		5AF37F832AAFFDCD00368240 /* Sample */ = {
			isa = PBXGroup;
			children = (
				5AF37F842AAFFDDD00368240 /* SampleViewController.swift */,
				5AF37F862AB0014E00368240 /* SampleViewModel.swift */,
			);
			path = Sample;
			sourceTree = "<group>";
		};
		5AF37F8A2AB02A4A00368240 /* Photo */ = {
			isa = PBXGroup;
			children = (
				5AF37F912AB02B5200368240 /* PhotoViewController.swift */,
				5AF37F932AB02DA600368240 /* PhotoViewModel.swift */,
				5AF37F8B2AB02A5F00368240 /* Photo.swift */,
				5AF37F8D2AB02A6B00368240 /* APIService.swift */,
				5AF37F8F2AB02A9F00368240 /* APIKey.swift */,
				5AF37F952AB094CF00368240 /* PhotoTableViewCell.swift */,
			);
			path = Photo;
			sourceTree = "<group>";
		};
		5AF37F9A2AB096E700368240 /* Extension */ = {
			isa = PBXGroup;
			children = (
				5AF37F6B2AAEBACB00368240 /* String+.swift */,
				5AF37F9B2AB096FD00368240 /* UIImageView+.swift */,
			);
			path = Extension;
			sourceTree = "<group>";
		};
/* End PBXGroup section */

/* Begin PBXNativeTarget section */
		5AF37F2A2AAE994200368240 /* Unsplash */ = {
			isa = PBXNativeTarget;
			buildConfigurationList = 5AF37F552AAE994900368240 /* Build configuration list for PBXNativeTarget "Unsplash" */;
			buildPhases = (
				5AF37F272AAE994200368240 /* Sources */,
				5AF37F282AAE994200368240 /* Frameworks */,
				5AF37F292AAE994200368240 /* Resources */,
			);
			buildRules = (
			);
			dependencies = (
			);
			name = Unsplash;
			packageProductDependencies = (
				5AF37F982AB0951900368240 /* SnapKit */,
			);
			productName = Unsplash;
			productReference = 5AF37F2B2AAE994200368240 /* Unsplash.app */;
			productType = "com.apple.product-type.application";
		};
		5AF37F402AAE994900368240 /* UnsplashTests */ = {
			isa = PBXNativeTarget;
			buildConfigurationList = 5AF37F582AAE994900368240 /* Build configuration list for PBXNativeTarget "UnsplashTests" */;
			buildPhases = (
				5AF37F3D2AAE994900368240 /* Sources */,
				5AF37F3E2AAE994900368240 /* Frameworks */,
				5AF37F3F2AAE994900368240 /* Resources */,
			);
			buildRules = (
			);
			dependencies = (
				5AF37F432AAE994900368240 /* PBXTargetDependency */,
			);
			name = UnsplashTests;
			productName = UnsplashTests;
			productReference = 5AF37F412AAE994900368240 /* UnsplashTests.xctest */;
			productType = "com.apple.product-type.bundle.unit-test";
		};
		5AF37F4A2AAE994900368240 /* UnsplashUITests */ = {
			isa = PBXNativeTarget;
			buildConfigurationList = 5AF37F5B2AAE994900368240 /* Build configuration list for PBXNativeTarget "UnsplashUITests" */;
			buildPhases = (
				5AF37F472AAE994900368240 /* Sources */,
				5AF37F482AAE994900368240 /* Frameworks */,
				5AF37F492AAE994900368240 /* Resources */,
			);
			buildRules = (
			);
			dependencies = (
				5AF37F4D2AAE994900368240 /* PBXTargetDependency */,
			);
			name = UnsplashUITests;
			productName = UnsplashUITests;
			productReference = 5AF37F4B2AAE994900368240 /* UnsplashUITests.xctest */;
			productType = "com.apple.product-type.bundle.ui-testing";
		};
/* End PBXNativeTarget section */

/* Begin PBXProject section */
		5AF37F232AAE994200368240 /* Project object */ = {
			isa = PBXProject;
			attributes = {
				BuildIndependentTargetsInParallel = 1;
				LastSwiftUpdateCheck = 1430;
				LastUpgradeCheck = 1430;
				TargetAttributes = {
					5AF37F2A2AAE994200368240 = {
						CreatedOnToolsVersion = 14.3.1;
					};
					5AF37F402AAE994900368240 = {
						CreatedOnToolsVersion = 14.3.1;
						TestTargetID = 5AF37F2A2AAE994200368240;
					};
					5AF37F4A2AAE994900368240 = {
						CreatedOnToolsVersion = 14.3.1;
						TestTargetID = 5AF37F2A2AAE994200368240;
					};
				};
			};
			buildConfigurationList = 5AF37F262AAE994200368240 /* Build configuration list for PBXProject "Unsplash" */;
			compatibilityVersion = "Xcode 14.0";
			developmentRegion = en;
			hasScannedForEncodings = 0;
			knownRegions = (
				en,
				Base,
				ko,
				ja,
			);
			mainGroup = 5AF37F222AAE994200368240;
			packageReferences = (
				5AF37F972AB0951900368240 /* XCRemoteSwiftPackageReference "SnapKit" */,
			);
			productRefGroup = 5AF37F2C2AAE994200368240 /* Products */;
			projectDirPath = "";
			projectRoot = "";
			targets = (
				5AF37F2A2AAE994200368240 /* Unsplash */,
				5AF37F402AAE994900368240 /* UnsplashTests */,
				5AF37F4A2AAE994900368240 /* UnsplashUITests */,
			);
		};
/* End PBXProject section */

/* Begin PBXResourcesBuildPhase section */
		5AF37F292AAE994200368240 /* Resources */ = {
			isa = PBXResourcesBuildPhase;
			buildActionMask = 2147483647;
			files = (
				5AF37F3B2AAE994800368240 /* LaunchScreen.storyboard in Resources */,
				5AF37F662AAEAE4D00368240 /* Localizable.strings in Resources */,
				5AF37F382AAE994800368240 /* Assets.xcassets in Resources */,
				5AF37F362AAE994200368240 /* Main.storyboard in Resources */,
			);
			runOnlyForDeploymentPostprocessing = 0;
		};
		5AF37F3F2AAE994900368240 /* Resources */ = {
			isa = PBXResourcesBuildPhase;
			buildActionMask = 2147483647;
			files = (
			);
			runOnlyForDeploymentPostprocessing = 0;
		};
		5AF37F492AAE994900368240 /* Resources */ = {
			isa = PBXResourcesBuildPhase;
			buildActionMask = 2147483647;
			files = (
			);
			runOnlyForDeploymentPostprocessing = 0;
		};
/* End PBXResourcesBuildPhase section */

/* Begin PBXSourcesBuildPhase section */
		5AF37F272AAE994200368240 /* Sources */ = {
			isa = PBXSourcesBuildPhase;
			buildActionMask = 2147483647;
			files = (
				5AF37F962AB094CF00368240 /* PhotoTableViewCell.swift in Sources */,
				5AF37F332AAE994200368240 /* ViewController.swift in Sources */,
				5AF37F2F2AAE994200368240 /* AppDelegate.swift in Sources */,
				5AF37F6C2AAEBACB00368240 /* String+.swift in Sources */,
				5AF37F9C2AB096FD00368240 /* UIImageView+.swift in Sources */,
				5AF37F802AAFEEAC00368240 /* LoginViewController.swift in Sources */,
				5AF37F8E2AB02A6B00368240 /* APIService.swift in Sources */,
				5AF37F8C2AB02A5F00368240 /* Photo.swift in Sources */,
				5AF37F822AAFF2FD00368240 /* Observable.swift in Sources */,
				5A7E39922AB139D900143175 /* CalculateViewController.swift in Sources */,
				5AF37F312AAE994200368240 /* SceneDelegate.swift in Sources */,
				5AF37F872AB0014E00368240 /* SampleViewModel.swift in Sources */,
				5AF37F942AB02DA600368240 /* PhotoViewModel.swift in Sources */,
				5A7E39942AB13A9800143175 /* CalculateViewModel.swift in Sources */,
				5AF37F852AAFFDDE00368240 /* SampleViewController.swift in Sources */,
				5AF37F902AB02A9F00368240 /* APIKey.swift in Sources */,
				5A7E39962AB13DAF00143175 /* SequenceObservavle.swift in Sources */,
				5AF37F892AB00E4500368240 /* LoginViewModel.swift in Sources */,
				5AF37F922AB02B5200368240 /* PhotoViewController.swift in Sources */,
			);
			runOnlyForDeploymentPostprocessing = 0;
		};
		5AF37F3D2AAE994900368240 /* Sources */ = {
			isa = PBXSourcesBuildPhase;
			buildActionMask = 2147483647;
			files = (
				5AF37F462AAE994900368240 /* UnsplashTests.swift in Sources */,
			);
			runOnlyForDeploymentPostprocessing = 0;
		};
		5AF37F472AAE994900368240 /* Sources */ = {
			isa = PBXSourcesBuildPhase;
			buildActionMask = 2147483647;
			files = (
				5AF37F522AAE994900368240 /* UnsplashUITestsLaunchTests.swift in Sources */,
				5AF37F502AAE994900368240 /* UnsplashUITests.swift in Sources */,
			);
			runOnlyForDeploymentPostprocessing = 0;
		};
/* End PBXSourcesBuildPhase section */

/* Begin PBXTargetDependency section */
		5AF37F432AAE994900368240 /* PBXTargetDependency */ = {
			isa = PBXTargetDependency;
			target = 5AF37F2A2AAE994200368240 /* Unsplash */;
			targetProxy = 5AF37F422AAE994900368240 /* PBXContainerItemProxy */;
		};
		5AF37F4D2AAE994900368240 /* PBXTargetDependency */ = {
			isa = PBXTargetDependency;
			target = 5AF37F2A2AAE994200368240 /* Unsplash */;
			targetProxy = 5AF37F4C2AAE994900368240 /* PBXContainerItemProxy */;
		};
/* End PBXTargetDependency section */

/* Begin PBXVariantGroup section */
		5AF37F342AAE994200368240 /* Main.storyboard */ = {
			isa = PBXVariantGroup;
			children = (
				5AF37F352AAE994200368240 /* Base */,
				5AF37F5E2AAE9CE300368240 /* ko */,
				5AF37F602AAE9CF500368240 /* ja */,
				5AF37F632AAE9EA800368240 /* en */,
			);
			name = Main.storyboard;
			sourceTree = "<group>";
		};
		5AF37F392AAE994800368240 /* LaunchScreen.storyboard */ = {
			isa = PBXVariantGroup;
			children = (
				5AF37F3A2AAE994800368240 /* Base */,
				5AF37F5F2AAE9CE300368240 /* ko */,
				5AF37F612AAE9CF500368240 /* ja */,
			);
			name = LaunchScreen.storyboard;
			sourceTree = "<group>";
		};
		5AF37F682AAEAE4D00368240 /* Localizable.strings */ = {
			isa = PBXVariantGroup;
			children = (
				5AF37F672AAEAE4D00368240 /* en */,
				5AF37F692AAEAE5200368240 /* ja */,
				5AF37F6A2AAEB04300368240 /* ko */,
			);
			name = Localizable.strings;
			sourceTree = "<group>";
		};
/* End PBXVariantGroup section */

/* Begin XCBuildConfiguration section */
		5AF37F532AAE994900368240 /* Debug */ = {
			isa = XCBuildConfiguration;
			buildSettings = {
				ALWAYS_SEARCH_USER_PATHS = NO;
				CLANG_ANALYZER_LOCALIZABILITY_NONLOCALIZED = YES;
				CLANG_ANALYZER_NONNULL = YES;
				CLANG_ANALYZER_NUMBER_OBJECT_CONVERSION = YES_AGGRESSIVE;
				CLANG_CXX_LANGUAGE_STANDARD = "gnu++20";
				CLANG_ENABLE_MODULES = YES;
				CLANG_ENABLE_OBJC_ARC = YES;
				CLANG_ENABLE_OBJC_WEAK = YES;
				CLANG_WARN_BLOCK_CAPTURE_AUTORELEASING = YES;
				CLANG_WARN_BOOL_CONVERSION = YES;
				CLANG_WARN_COMMA = YES;
				CLANG_WARN_CONSTANT_CONVERSION = YES;
				CLANG_WARN_DEPRECATED_OBJC_IMPLEMENTATIONS = YES;
				CLANG_WARN_DIRECT_OBJC_ISA_USAGE = YES_ERROR;
				CLANG_WARN_DOCUMENTATION_COMMENTS = YES;
				CLANG_WARN_EMPTY_BODY = YES;
				CLANG_WARN_ENUM_CONVERSION = YES;
				CLANG_WARN_INFINITE_RECURSION = YES;
				CLANG_WARN_INT_CONVERSION = YES;
				CLANG_WARN_NON_LITERAL_NULL_CONVERSION = YES;
				CLANG_WARN_OBJC_IMPLICIT_RETAIN_SELF = YES;
				CLANG_WARN_OBJC_LITERAL_CONVERSION = YES;
				CLANG_WARN_OBJC_ROOT_CLASS = YES_ERROR;
				CLANG_WARN_QUOTED_INCLUDE_IN_FRAMEWORK_HEADER = YES;
				CLANG_WARN_RANGE_LOOP_ANALYSIS = YES;
				CLANG_WARN_STRICT_PROTOTYPES = YES;
				CLANG_WARN_SUSPICIOUS_MOVE = YES;
				CLANG_WARN_UNGUARDED_AVAILABILITY = YES_AGGRESSIVE;
				CLANG_WARN_UNREACHABLE_CODE = YES;
				CLANG_WARN__DUPLICATE_METHOD_MATCH = YES;
				COPY_PHASE_STRIP = NO;
				DEBUG_INFORMATION_FORMAT = dwarf;
				ENABLE_STRICT_OBJC_MSGSEND = YES;
				ENABLE_TESTABILITY = YES;
				GCC_C_LANGUAGE_STANDARD = gnu11;
				GCC_DYNAMIC_NO_PIC = NO;
				GCC_NO_COMMON_BLOCKS = YES;
				GCC_OPTIMIZATION_LEVEL = 0;
				GCC_PREPROCESSOR_DEFINITIONS = (
					"DEBUG=1",
					"$(inherited)",
				);
				GCC_WARN_64_TO_32_BIT_CONVERSION = YES;
				GCC_WARN_ABOUT_RETURN_TYPE = YES_ERROR;
				GCC_WARN_UNDECLARED_SELECTOR = YES;
				GCC_WARN_UNINITIALIZED_AUTOS = YES_AGGRESSIVE;
				GCC_WARN_UNUSED_FUNCTION = YES;
				GCC_WARN_UNUSED_VARIABLE = YES;
				IPHONEOS_DEPLOYMENT_TARGET = 16.4;
				MTL_ENABLE_DEBUG_INFO = INCLUDE_SOURCE;
				MTL_FAST_MATH = YES;
				ONLY_ACTIVE_ARCH = YES;
				SDKROOT = iphoneos;
				SWIFT_ACTIVE_COMPILATION_CONDITIONS = DEBUG;
				SWIFT_OPTIMIZATION_LEVEL = "-Onone";
			};
			name = Debug;
		};
		5AF37F542AAE994900368240 /* Release */ = {
			isa = XCBuildConfiguration;
			buildSettings = {
				ALWAYS_SEARCH_USER_PATHS = NO;
				CLANG_ANALYZER_LOCALIZABILITY_NONLOCALIZED = YES;
				CLANG_ANALYZER_NONNULL = YES;
				CLANG_ANALYZER_NUMBER_OBJECT_CONVERSION = YES_AGGRESSIVE;
				CLANG_CXX_LANGUAGE_STANDARD = "gnu++20";
				CLANG_ENABLE_MODULES = YES;
				CLANG_ENABLE_OBJC_ARC = YES;
				CLANG_ENABLE_OBJC_WEAK = YES;
				CLANG_WARN_BLOCK_CAPTURE_AUTORELEASING = YES;
				CLANG_WARN_BOOL_CONVERSION = YES;
				CLANG_WARN_COMMA = YES;
				CLANG_WARN_CONSTANT_CONVERSION = YES;
				CLANG_WARN_DEPRECATED_OBJC_IMPLEMENTATIONS = YES;
				CLANG_WARN_DIRECT_OBJC_ISA_USAGE = YES_ERROR;
				CLANG_WARN_DOCUMENTATION_COMMENTS = YES;
				CLANG_WARN_EMPTY_BODY = YES;
				CLANG_WARN_ENUM_CONVERSION = YES;
				CLANG_WARN_INFINITE_RECURSION = YES;
				CLANG_WARN_INT_CONVERSION = YES;
				CLANG_WARN_NON_LITERAL_NULL_CONVERSION = YES;
				CLANG_WARN_OBJC_IMPLICIT_RETAIN_SELF = YES;
				CLANG_WARN_OBJC_LITERAL_CONVERSION = YES;
				CLANG_WARN_OBJC_ROOT_CLASS = YES_ERROR;
				CLANG_WARN_QUOTED_INCLUDE_IN_FRAMEWORK_HEADER = YES;
				CLANG_WARN_RANGE_LOOP_ANALYSIS = YES;
				CLANG_WARN_STRICT_PROTOTYPES = YES;
				CLANG_WARN_SUSPICIOUS_MOVE = YES;
				CLANG_WARN_UNGUARDED_AVAILABILITY = YES_AGGRESSIVE;
				CLANG_WARN_UNREACHABLE_CODE = YES;
				CLANG_WARN__DUPLICATE_METHOD_MATCH = YES;
				COPY_PHASE_STRIP = NO;
				DEBUG_INFORMATION_FORMAT = "dwarf-with-dsym";
				ENABLE_NS_ASSERTIONS = NO;
				ENABLE_STRICT_OBJC_MSGSEND = YES;
				GCC_C_LANGUAGE_STANDARD = gnu11;
				GCC_NO_COMMON_BLOCKS = YES;
				GCC_WARN_64_TO_32_BIT_CONVERSION = YES;
				GCC_WARN_ABOUT_RETURN_TYPE = YES_ERROR;
				GCC_WARN_UNDECLARED_SELECTOR = YES;
				GCC_WARN_UNINITIALIZED_AUTOS = YES_AGGRESSIVE;
				GCC_WARN_UNUSED_FUNCTION = YES;
				GCC_WARN_UNUSED_VARIABLE = YES;
				IPHONEOS_DEPLOYMENT_TARGET = 16.4;
				MTL_ENABLE_DEBUG_INFO = NO;
				MTL_FAST_MATH = YES;
				SDKROOT = iphoneos;
				SWIFT_COMPILATION_MODE = wholemodule;
				SWIFT_OPTIMIZATION_LEVEL = "-O";
				VALIDATE_PRODUCT = YES;
			};
			name = Release;
		};
		5AF37F562AAE994900368240 /* Debug */ = {
			isa = XCBuildConfiguration;
			buildSettings = {
				ASSETCATALOG_COMPILER_APPICON_NAME = AppIcon;
				ASSETCATALOG_COMPILER_GLOBAL_ACCENT_COLOR_NAME = AccentColor;
				CODE_SIGN_STYLE = Automatic;
				CURRENT_PROJECT_VERSION = 1;
				DEVELOPMENT_TEAM = 8LJ2P85FNV;
				GENERATE_INFOPLIST_FILE = YES;
				INFOPLIST_FILE = Unsplash/Info.plist;
				INFOPLIST_KEY_UIApplicationSupportsIndirectInputEvents = YES;
				INFOPLIST_KEY_UILaunchStoryboardName = LaunchScreen;
				INFOPLIST_KEY_UIMainStoryboardFile = Main;
				INFOPLIST_KEY_UISupportedInterfaceOrientations_iPad = "UIInterfaceOrientationPortrait UIInterfaceOrientationPortraitUpsideDown UIInterfaceOrientationLandscapeLeft UIInterfaceOrientationLandscapeRight";
				INFOPLIST_KEY_UISupportedInterfaceOrientations_iPhone = "UIInterfaceOrientationPortrait UIInterfaceOrientationLandscapeLeft UIInterfaceOrientationLandscapeRight";
				LD_RUNPATH_SEARCH_PATHS = (
					"$(inherited)",
					"@executable_path/Frameworks",
				);
				MARKETING_VERSION = 1.0;
				PRODUCT_BUNDLE_IDENTIFIER = com.ios.Unsplash;
				PRODUCT_NAME = "$(TARGET_NAME)";
				SUPPORTED_PLATFORMS = "iphoneos iphonesimulator";
				SUPPORTS_MACCATALYST = NO;
				SUPPORTS_MAC_DESIGNED_FOR_IPHONE_IPAD = NO;
				SWIFT_EMIT_LOC_STRINGS = YES;
				SWIFT_VERSION = 5.0;
				TARGETED_DEVICE_FAMILY = "1,2";
			};
			name = Debug;
		};
		5AF37F572AAE994900368240 /* Release */ = {
			isa = XCBuildConfiguration;
			buildSettings = {
				ASSETCATALOG_COMPILER_APPICON_NAME = AppIcon;
				ASSETCATALOG_COMPILER_GLOBAL_ACCENT_COLOR_NAME = AccentColor;
				CODE_SIGN_STYLE = Automatic;
				CURRENT_PROJECT_VERSION = 1;
				DEVELOPMENT_TEAM = 8LJ2P85FNV;
				GENERATE_INFOPLIST_FILE = YES;
				INFOPLIST_FILE = Unsplash/Info.plist;
				INFOPLIST_KEY_UIApplicationSupportsIndirectInputEvents = YES;
				INFOPLIST_KEY_UILaunchStoryboardName = LaunchScreen;
				INFOPLIST_KEY_UIMainStoryboardFile = Main;
				INFOPLIST_KEY_UISupportedInterfaceOrientations_iPad = "UIInterfaceOrientationPortrait UIInterfaceOrientationPortraitUpsideDown UIInterfaceOrientationLandscapeLeft UIInterfaceOrientationLandscapeRight";
				INFOPLIST_KEY_UISupportedInterfaceOrientations_iPhone = "UIInterfaceOrientationPortrait UIInterfaceOrientationLandscapeLeft UIInterfaceOrientationLandscapeRight";
				LD_RUNPATH_SEARCH_PATHS = (
					"$(inherited)",
					"@executable_path/Frameworks",
				);
				MARKETING_VERSION = 1.0;
				PRODUCT_BUNDLE_IDENTIFIER = com.ios.Unsplash;
				PRODUCT_NAME = "$(TARGET_NAME)";
				SUPPORTED_PLATFORMS = "iphoneos iphonesimulator";
				SUPPORTS_MACCATALYST = NO;
				SUPPORTS_MAC_DESIGNED_FOR_IPHONE_IPAD = NO;
				SWIFT_EMIT_LOC_STRINGS = YES;
				SWIFT_VERSION = 5.0;
				TARGETED_DEVICE_FAMILY = "1,2";
			};
			name = Release;
		};
		5AF37F592AAE994900368240 /* Debug */ = {
			isa = XCBuildConfiguration;
			buildSettings = {
				ALWAYS_EMBED_SWIFT_STANDARD_LIBRARIES = YES;
				BUNDLE_LOADER = "$(TEST_HOST)";
				CODE_SIGN_STYLE = Automatic;
				CURRENT_PROJECT_VERSION = 1;
				DEVELOPMENT_TEAM = 8LJ2P85FNV;
				GENERATE_INFOPLIST_FILE = YES;
				IPHONEOS_DEPLOYMENT_TARGET = 16.4;
				MARKETING_VERSION = 1.0;
				PRODUCT_BUNDLE_IDENTIFIER = com.ios.UnsplashTests;
				PRODUCT_NAME = "$(TARGET_NAME)";
				SWIFT_EMIT_LOC_STRINGS = NO;
				SWIFT_VERSION = 5.0;
				TARGETED_DEVICE_FAMILY = "1,2";
				TEST_HOST = "$(BUILT_PRODUCTS_DIR)/Unsplash.app/$(BUNDLE_EXECUTABLE_FOLDER_PATH)/Unsplash";
			};
			name = Debug;
		};
		5AF37F5A2AAE994900368240 /* Release */ = {
			isa = XCBuildConfiguration;
			buildSettings = {
				ALWAYS_EMBED_SWIFT_STANDARD_LIBRARIES = YES;
				BUNDLE_LOADER = "$(TEST_HOST)";
				CODE_SIGN_STYLE = Automatic;
				CURRENT_PROJECT_VERSION = 1;
				DEVELOPMENT_TEAM = 8LJ2P85FNV;
				GENERATE_INFOPLIST_FILE = YES;
				IPHONEOS_DEPLOYMENT_TARGET = 16.4;
				MARKETING_VERSION = 1.0;
				PRODUCT_BUNDLE_IDENTIFIER = com.ios.UnsplashTests;
				PRODUCT_NAME = "$(TARGET_NAME)";
				SWIFT_EMIT_LOC_STRINGS = NO;
				SWIFT_VERSION = 5.0;
				TARGETED_DEVICE_FAMILY = "1,2";
				TEST_HOST = "$(BUILT_PRODUCTS_DIR)/Unsplash.app/$(BUNDLE_EXECUTABLE_FOLDER_PATH)/Unsplash";
			};
			name = Release;
		};
		5AF37F5C2AAE994900368240 /* Debug */ = {
			isa = XCBuildConfiguration;
			buildSettings = {
				ALWAYS_EMBED_SWIFT_STANDARD_LIBRARIES = YES;
				CODE_SIGN_STYLE = Automatic;
				CURRENT_PROJECT_VERSION = 1;
				DEVELOPMENT_TEAM = 8LJ2P85FNV;
				GENERATE_INFOPLIST_FILE = YES;
				MARKETING_VERSION = 1.0;
				PRODUCT_BUNDLE_IDENTIFIER = com.ios.UnsplashUITests;
				PRODUCT_NAME = "$(TARGET_NAME)";
				SWIFT_EMIT_LOC_STRINGS = NO;
				SWIFT_VERSION = 5.0;
				TARGETED_DEVICE_FAMILY = "1,2";
				TEST_TARGET_NAME = Unsplash;
			};
			name = Debug;
		};
		5AF37F5D2AAE994900368240 /* Release */ = {
			isa = XCBuildConfiguration;
			buildSettings = {
				ALWAYS_EMBED_SWIFT_STANDARD_LIBRARIES = YES;
				CODE_SIGN_STYLE = Automatic;
				CURRENT_PROJECT_VERSION = 1;
				DEVELOPMENT_TEAM = 8LJ2P85FNV;
				GENERATE_INFOPLIST_FILE = YES;
				MARKETING_VERSION = 1.0;
				PRODUCT_BUNDLE_IDENTIFIER = com.ios.UnsplashUITests;
				PRODUCT_NAME = "$(TARGET_NAME)";
				SWIFT_EMIT_LOC_STRINGS = NO;
				SWIFT_VERSION = 5.0;
				TARGETED_DEVICE_FAMILY = "1,2";
				TEST_TARGET_NAME = Unsplash;
			};
			name = Release;
		};
/* End XCBuildConfiguration section */

/* Begin XCConfigurationList section */
		5AF37F262AAE994200368240 /* Build configuration list for PBXProject "Unsplash" */ = {
			isa = XCConfigurationList;
			buildConfigurations = (
				5AF37F532AAE994900368240 /* Debug */,
				5AF37F542AAE994900368240 /* Release */,
			);
			defaultConfigurationIsVisible = 0;
			defaultConfigurationName = Release;
		};
		5AF37F552AAE994900368240 /* Build configuration list for PBXNativeTarget "Unsplash" */ = {
			isa = XCConfigurationList;
			buildConfigurations = (
				5AF37F562AAE994900368240 /* Debug */,
				5AF37F572AAE994900368240 /* Release */,
			);
			defaultConfigurationIsVisible = 0;
			defaultConfigurationName = Release;
		};
		5AF37F582AAE994900368240 /* Build configuration list for PBXNativeTarget "UnsplashTests" */ = {
			isa = XCConfigurationList;
			buildConfigurations = (
				5AF37F592AAE994900368240 /* Debug */,
				5AF37F5A2AAE994900368240 /* Release */,
			);
			defaultConfigurationIsVisible = 0;
			defaultConfigurationName = Release;
		};
		5AF37F5B2AAE994900368240 /* Build configuration list for PBXNativeTarget "UnsplashUITests" */ = {
			isa = XCConfigurationList;
			buildConfigurations = (
				5AF37F5C2AAE994900368240 /* Debug */,
				5AF37F5D2AAE994900368240 /* Release */,
			);
			defaultConfigurationIsVisible = 0;
			defaultConfigurationName = Release;
		};
/* End XCConfigurationList section */

/* Begin XCRemoteSwiftPackageReference section */
		5AF37F972AB0951900368240 /* XCRemoteSwiftPackageReference "SnapKit" */ = {
			isa = XCRemoteSwiftPackageReference;
			repositoryURL = "https://github.com/SnapKit/SnapKit";
			requirement = {
				kind = upToNextMajorVersion;
				minimumVersion = 5.0.0;
			};
		};
/* End XCRemoteSwiftPackageReference section */

/* Begin XCSwiftPackageProductDependency section */
		5AF37F982AB0951900368240 /* SnapKit */ = {
			isa = XCSwiftPackageProductDependency;
			package = 5AF37F972AB0951900368240 /* XCRemoteSwiftPackageReference "SnapKit" */;
			productName = SnapKit;
		};
/* End XCSwiftPackageProductDependency section */
	};
	rootObject = 5AF37F232AAE994200368240 /* Project object */;
}
