// !$*UTF8*$!
{
	archiveVersion = 1;
	classes = {
	};
	objectVersion = 56;
	objects = {

/* Begin PBXBuildFile section */
		5A428A5A2A6EB02A0017CC6C /* WordViewModel.swift in Sources */ = {isa = PBXBuildFile; fileRef = 5A428A592A6EB02A0017CC6C /* WordViewModel.swift */; };
		5A428A5C2A6EB9770017CC6C /* JejuWord.swift in Sources */ = {isa = PBXBuildFile; fileRef = 5A428A5B2A6EB9770017CC6C /* JejuWord.swift */; };
		5AC8D7382A6E735E00BD5064 /* UIViewController+.swift in Sources */ = {isa = PBXBuildFile; fileRef = 5AC8D7372A6E735E00BD5064 /* UIViewController+.swift */; };
		5ADED2082A6A060C00C0CBF4 /* AppDelegate.swift in Sources */ = {isa = PBXBuildFile; fileRef = 5ADED2072A6A060C00C0CBF4 /* AppDelegate.swift */; };
		5ADED20A2A6A060C00C0CBF4 /* SceneDelegate.swift in Sources */ = {isa = PBXBuildFile; fileRef = 5ADED2092A6A060C00C0CBF4 /* SceneDelegate.swift */; };
		5ADED20C2A6A060C00C0CBF4 /* ViewController.swift in Sources */ = {isa = PBXBuildFile; fileRef = 5ADED20B2A6A060C00C0CBF4 /* ViewController.swift */; };
		5ADED20F2A6A060C00C0CBF4 /* Main.storyboard in Resources */ = {isa = PBXBuildFile; fileRef = 5ADED20D2A6A060C00C0CBF4 /* Main.storyboard */; };
		5ADED2112A6A061100C0CBF4 /* Assets.xcassets in Resources */ = {isa = PBXBuildFile; fileRef = 5ADED2102A6A061100C0CBF4 /* Assets.xcassets */; };
		5ADED2142A6A061100C0CBF4 /* LaunchScreen.storyboard in Resources */ = {isa = PBXBuildFile; fileRef = 5ADED2122A6A061100C0CBF4 /* LaunchScreen.storyboard */; };
		5ADED2262A6A21C800C0CBF4 /* PaddingLabel.swift in Sources */ = {isa = PBXBuildFile; fileRef = 5ADED2252A6A21C800C0CBF4 /* PaddingLabel.swift */; };
/* End PBXBuildFile section */

/* Begin PBXFileReference section */
		5A428A592A6EB02A0017CC6C /* WordViewModel.swift */ = {isa = PBXFileReference; lastKnownFileType = sourcecode.swift; path = WordViewModel.swift; sourceTree = "<group>"; };
		5A428A5B2A6EB9770017CC6C /* JejuWord.swift */ = {isa = PBXFileReference; lastKnownFileType = sourcecode.swift; path = JejuWord.swift; sourceTree = "<group>"; };
		5AC8D7372A6E735E00BD5064 /* UIViewController+.swift */ = {isa = PBXFileReference; lastKnownFileType = sourcecode.swift; path = "UIViewController+.swift"; sourceTree = "<group>"; };
		5ADED2042A6A060C00C0CBF4 /* CoinedWord.app */ = {isa = PBXFileReference; explicitFileType = wrapper.application; includeInIndex = 0; path = CoinedWord.app; sourceTree = BUILT_PRODUCTS_DIR; };
		5ADED2072A6A060C00C0CBF4 /* AppDelegate.swift */ = {isa = PBXFileReference; lastKnownFileType = sourcecode.swift; path = AppDelegate.swift; sourceTree = "<group>"; };
		5ADED2092A6A060C00C0CBF4 /* SceneDelegate.swift */ = {isa = PBXFileReference; lastKnownFileType = sourcecode.swift; path = SceneDelegate.swift; sourceTree = "<group>"; };
		5ADED20B2A6A060C00C0CBF4 /* ViewController.swift */ = {isa = PBXFileReference; lastKnownFileType = sourcecode.swift; path = ViewController.swift; sourceTree = "<group>"; };
		5ADED20E2A6A060C00C0CBF4 /* Base */ = {isa = PBXFileReference; lastKnownFileType = file.storyboard; name = Base; path = Base.lproj/Main.storyboard; sourceTree = "<group>"; };
		5ADED2102A6A061100C0CBF4 /* Assets.xcassets */ = {isa = PBXFileReference; lastKnownFileType = folder.assetcatalog; path = Assets.xcassets; sourceTree = "<group>"; };
		5ADED2132A6A061100C0CBF4 /* Base */ = {isa = PBXFileReference; lastKnownFileType = file.storyboard; name = Base; path = Base.lproj/LaunchScreen.storyboard; sourceTree = "<group>"; };
		5ADED2152A6A061100C0CBF4 /* Info.plist */ = {isa = PBXFileReference; lastKnownFileType = text.plist.xml; path = Info.plist; sourceTree = "<group>"; };
		5ADED2252A6A21C800C0CBF4 /* PaddingLabel.swift */ = {isa = PBXFileReference; lastKnownFileType = sourcecode.swift; path = PaddingLabel.swift; sourceTree = "<group>"; };
/* End PBXFileReference section */

/* Begin PBXFrameworksBuildPhase section */
		5ADED2012A6A060C00C0CBF4 /* Frameworks */ = {
			isa = PBXFrameworksBuildPhase;
			buildActionMask = 2147483647;
			files = (
			);
			runOnlyForDeploymentPostprocessing = 0;
		};
/* End PBXFrameworksBuildPhase section */

/* Begin PBXGroup section */
		5A428A5D2A6EC46A0017CC6C /* Model */ = {
			isa = PBXGroup;
			children = (
				5A428A5B2A6EB9770017CC6C /* JejuWord.swift */,
			);
			path = Model;
			sourceTree = "<group>";
		};
		5A428A5E2A6EC4D00017CC6C /* ViewModel */ = {
			isa = PBXGroup;
			children = (
				5A428A592A6EB02A0017CC6C /* WordViewModel.swift */,
			);
			path = ViewModel;
			sourceTree = "<group>";
		};
		5AC8D7392A6E736400BD5064 /* Extension */ = {
			isa = PBXGroup;
			children = (
				5AC8D7372A6E735E00BD5064 /* UIViewController+.swift */,
			);
			path = Extension;
			sourceTree = "<group>";
		};
		5ADED1FB2A6A060C00C0CBF4 = {
			isa = PBXGroup;
			children = (
				5ADED2062A6A060C00C0CBF4 /* CoinedWord */,
				5ADED2052A6A060C00C0CBF4 /* Products */,
			);
			sourceTree = "<group>";
		};
		5ADED2052A6A060C00C0CBF4 /* Products */ = {
			isa = PBXGroup;
			children = (
				5ADED2042A6A060C00C0CBF4 /* CoinedWord.app */,
			);
			name = Products;
			sourceTree = "<group>";
		};
		5ADED2062A6A060C00C0CBF4 /* CoinedWord */ = {
			isa = PBXGroup;
			children = (
				5ADED2282A6BF61A00C0CBF4 /* StoryBoard */,
				5ADED21C2A6A0BE800C0CBF4 /* ViewController */,
				5A428A5E2A6EC4D00017CC6C /* ViewModel */,
				5A428A5D2A6EC46A0017CC6C /* Model */,
				5AC8D7392A6E736400BD5064 /* Extension */,
				5ADED2272A6BF5F900C0CBF4 /* App */,
				5ADED21B2A6A0BD500C0CBF4 /* UIComponent */,
				5ADED2102A6A061100C0CBF4 /* Assets.xcassets */,
				5ADED2122A6A061100C0CBF4 /* LaunchScreen.storyboard */,
				5ADED2152A6A061100C0CBF4 /* Info.plist */,
			);
			path = CoinedWord;
			sourceTree = "<group>";
		};
		5ADED21B2A6A0BD500C0CBF4 /* UIComponent */ = {
			isa = PBXGroup;
			children = (
				5ADED2252A6A21C800C0CBF4 /* PaddingLabel.swift */,
			);
			path = UIComponent;
			sourceTree = "<group>";
		};
		5ADED21C2A6A0BE800C0CBF4 /* ViewController */ = {
			isa = PBXGroup;
			children = (
				5ADED20B2A6A060C00C0CBF4 /* ViewController.swift */,
			);
			path = ViewController;
			sourceTree = "<group>";
		};
		5ADED2272A6BF5F900C0CBF4 /* App */ = {
			isa = PBXGroup;
			children = (
				5ADED2072A6A060C00C0CBF4 /* AppDelegate.swift */,
				5ADED2092A6A060C00C0CBF4 /* SceneDelegate.swift */,
			);
			path = App;
			sourceTree = "<group>";
		};
		5ADED2282A6BF61A00C0CBF4 /* StoryBoard */ = {
			isa = PBXGroup;
			children = (
				5ADED20D2A6A060C00C0CBF4 /* Main.storyboard */,
			);
			path = StoryBoard;
			sourceTree = "<group>";
		};
/* End PBXGroup section */

/* Begin PBXNativeTarget section */
		5ADED2032A6A060C00C0CBF4 /* CoinedWord */ = {
			isa = PBXNativeTarget;
			buildConfigurationList = 5ADED2182A6A061100C0CBF4 /* Build configuration list for PBXNativeTarget "CoinedWord" */;
			buildPhases = (
				5ADED2002A6A060C00C0CBF4 /* Sources */,
				5ADED2012A6A060C00C0CBF4 /* Frameworks */,
				5ADED2022A6A060C00C0CBF4 /* Resources */,
			);
			buildRules = (
			);
			dependencies = (
			);
			name = CoinedWord;
			productName = CoinedWord;
			productReference = 5ADED2042A6A060C00C0CBF4 /* CoinedWord.app */;
			productType = "com.apple.product-type.application";
		};
/* End PBXNativeTarget section */

/* Begin PBXProject section */
		5ADED1FC2A6A060C00C0CBF4 /* Project object */ = {
			isa = PBXProject;
			attributes = {
				BuildIndependentTargetsInParallel = 1;
				LastSwiftUpdateCheck = 1430;
				LastUpgradeCheck = 1430;
				TargetAttributes = {
					5ADED2032A6A060C00C0CBF4 = {
						CreatedOnToolsVersion = 14.3.1;
					};
				};
			};
			buildConfigurationList = 5ADED1FF2A6A060C00C0CBF4 /* Build configuration list for PBXProject "CoinedWord" */;
			compatibilityVersion = "Xcode 14.0";
			developmentRegion = en;
			hasScannedForEncodings = 0;
			knownRegions = (
				en,
				Base,
			);
			mainGroup = 5ADED1FB2A6A060C00C0CBF4;
			productRefGroup = 5ADED2052A6A060C00C0CBF4 /* Products */;
			projectDirPath = "";
			projectRoot = "";
			targets = (
				5ADED2032A6A060C00C0CBF4 /* CoinedWord */,
			);
		};
/* End PBXProject section */

/* Begin PBXResourcesBuildPhase section */
		5ADED2022A6A060C00C0CBF4 /* Resources */ = {
			isa = PBXResourcesBuildPhase;
			buildActionMask = 2147483647;
			files = (
				5ADED2142A6A061100C0CBF4 /* LaunchScreen.storyboard in Resources */,
				5ADED2112A6A061100C0CBF4 /* Assets.xcassets in Resources */,
				5ADED20F2A6A060C00C0CBF4 /* Main.storyboard in Resources */,
			);
			runOnlyForDeploymentPostprocessing = 0;
		};
/* End PBXResourcesBuildPhase section */

/* Begin PBXSourcesBuildPhase section */
		5ADED2002A6A060C00C0CBF4 /* Sources */ = {
			isa = PBXSourcesBuildPhase;
			buildActionMask = 2147483647;
			files = (
				5AC8D7382A6E735E00BD5064 /* UIViewController+.swift in Sources */,
				5ADED2262A6A21C800C0CBF4 /* PaddingLabel.swift in Sources */,
				5ADED20C2A6A060C00C0CBF4 /* ViewController.swift in Sources */,
				5ADED2082A6A060C00C0CBF4 /* AppDelegate.swift in Sources */,
				5A428A5A2A6EB02A0017CC6C /* WordViewModel.swift in Sources */,
				5A428A5C2A6EB9770017CC6C /* JejuWord.swift in Sources */,
				5ADED20A2A6A060C00C0CBF4 /* SceneDelegate.swift in Sources */,
			);
			runOnlyForDeploymentPostprocessing = 0;
		};
/* End PBXSourcesBuildPhase section */

/* Begin PBXVariantGroup section */
		5ADED20D2A6A060C00C0CBF4 /* Main.storyboard */ = {
			isa = PBXVariantGroup;
			children = (
				5ADED20E2A6A060C00C0CBF4 /* Base */,
			);
			name = Main.storyboard;
			sourceTree = "<group>";
		};
		5ADED2122A6A061100C0CBF4 /* LaunchScreen.storyboard */ = {
			isa = PBXVariantGroup;
			children = (
				5ADED2132A6A061100C0CBF4 /* Base */,
			);
			name = LaunchScreen.storyboard;
			sourceTree = "<group>";
		};
/* End PBXVariantGroup section */

/* Begin XCBuildConfiguration section */
		5ADED2162A6A061100C0CBF4 /* Debug */ = {
			isa = XCBuildConfiguration;
			buildSettings = {
				ALWAYS_SEARCH_USER_PATHS = NO;
				CLANG_ANALYZER_NONNULL = YES;
				CLANG_ANALYZER_NUMBER_OBJECT_CONVERSION = YES_AGGRESSIVE;
				CLANG_CXX_LANGUAGE_STANDARD = "gnu++20";
				CLANG_ENABLE_MODULES = YES;
				CLANG_ENABLE_OBJC_ARC = YES;
				CLANG_ENABLE_OBJC_WEAK = YES;
				CLANG_WARN_BLOCK_CAPTURE_AUTORELEASING = YES;
				CLANG_WARN_BOOL_CONVERSION = YES;
				CLANG_WARN_COMMA = YES;
				CLANG_WARN_CONSTANT_CONVERSION = YES;
				CLANG_WARN_DEPRECATED_OBJC_IMPLEMENTATIONS = YES;
				CLANG_WARN_DIRECT_OBJC_ISA_USAGE = YES_ERROR;
				CLANG_WARN_DOCUMENTATION_COMMENTS = YES;
				CLANG_WARN_EMPTY_BODY = YES;
				CLANG_WARN_ENUM_CONVERSION = YES;
				CLANG_WARN_INFINITE_RECURSION = YES;
				CLANG_WARN_INT_CONVERSION = YES;
				CLANG_WARN_NON_LITERAL_NULL_CONVERSION = YES;
				CLANG_WARN_OBJC_IMPLICIT_RETAIN_SELF = YES;
				CLANG_WARN_OBJC_LITERAL_CONVERSION = YES;
				CLANG_WARN_OBJC_ROOT_CLASS = YES_ERROR;
				CLANG_WARN_QUOTED_INCLUDE_IN_FRAMEWORK_HEADER = YES;
				CLANG_WARN_RANGE_LOOP_ANALYSIS = YES;
				CLANG_WARN_STRICT_PROTOTYPES = YES;
				CLANG_WARN_SUSPICIOUS_MOVE = YES;
				CLANG_WARN_UNGUARDED_AVAILABILITY = YES_AGGRESSIVE;
				CLANG_WARN_UNREACHABLE_CODE = YES;
				CLANG_WARN__DUPLICATE_METHOD_MATCH = YES;
				COPY_PHASE_STRIP = NO;
				DEBUG_INFORMATION_FORMAT = dwarf;
				ENABLE_STRICT_OBJC_MSGSEND = YES;
				ENABLE_TESTABILITY = YES;
				GCC_C_LANGUAGE_STANDARD = gnu11;
				GCC_DYNAMIC_NO_PIC = NO;
				GCC_NO_COMMON_BLOCKS = YES;
				GCC_OPTIMIZATION_LEVEL = 0;
				GCC_PREPROCESSOR_DEFINITIONS = (
					"DEBUG=1",
					"$(inherited)",
				);
				GCC_WARN_64_TO_32_BIT_CONVERSION = YES;
				GCC_WARN_ABOUT_RETURN_TYPE = YES_ERROR;
				GCC_WARN_UNDECLARED_SELECTOR = YES;
				GCC_WARN_UNINITIALIZED_AUTOS = YES_AGGRESSIVE;
				GCC_WARN_UNUSED_FUNCTION = YES;
				GCC_WARN_UNUSED_VARIABLE = YES;
				IPHONEOS_DEPLOYMENT_TARGET = 16.4;
				MTL_ENABLE_DEBUG_INFO = INCLUDE_SOURCE;
				MTL_FAST_MATH = YES;
				ONLY_ACTIVE_ARCH = YES;
				SDKROOT = iphoneos;
				SWIFT_ACTIVE_COMPILATION_CONDITIONS = DEBUG;
				SWIFT_OPTIMIZATION_LEVEL = "-Onone";
			};
			name = Debug;
		};
		5ADED2172A6A061100C0CBF4 /* Release */ = {
			isa = XCBuildConfiguration;
			buildSettings = {
				ALWAYS_SEARCH_USER_PATHS = NO;
				CLANG_ANALYZER_NONNULL = YES;
				CLANG_ANALYZER_NUMBER_OBJECT_CONVERSION = YES_AGGRESSIVE;
				CLANG_CXX_LANGUAGE_STANDARD = "gnu++20";
				CLANG_ENABLE_MODULES = YES;
				CLANG_ENABLE_OBJC_ARC = YES;
				CLANG_ENABLE_OBJC_WEAK = YES;
				CLANG_WARN_BLOCK_CAPTURE_AUTORELEASING = YES;
				CLANG_WARN_BOOL_CONVERSION = YES;
				CLANG_WARN_COMMA = YES;
				CLANG_WARN_CONSTANT_CONVERSION = YES;
				CLANG_WARN_DEPRECATED_OBJC_IMPLEMENTATIONS = YES;
				CLANG_WARN_DIRECT_OBJC_ISA_USAGE = YES_ERROR;
				CLANG_WARN_DOCUMENTATION_COMMENTS = YES;
				CLANG_WARN_EMPTY_BODY = YES;
				CLANG_WARN_ENUM_CONVERSION = YES;
				CLANG_WARN_INFINITE_RECURSION = YES;
				CLANG_WARN_INT_CONVERSION = YES;
				CLANG_WARN_NON_LITERAL_NULL_CONVERSION = YES;
				CLANG_WARN_OBJC_IMPLICIT_RETAIN_SELF = YES;
				CLANG_WARN_OBJC_LITERAL_CONVERSION = YES;
				CLANG_WARN_OBJC_ROOT_CLASS = YES_ERROR;
				CLANG_WARN_QUOTED_INCLUDE_IN_FRAMEWORK_HEADER = YES;
				CLANG_WARN_RANGE_LOOP_ANALYSIS = YES;
				CLANG_WARN_STRICT_PROTOTYPES = YES;
				CLANG_WARN_SUSPICIOUS_MOVE = YES;
				CLANG_WARN_UNGUARDED_AVAILABILITY = YES_AGGRESSIVE;
				CLANG_WARN_UNREACHABLE_CODE = YES;
				CLANG_WARN__DUPLICATE_METHOD_MATCH = YES;
				COPY_PHASE_STRIP = NO;
				DEBUG_INFORMATION_FORMAT = "dwarf-with-dsym";
				ENABLE_NS_ASSERTIONS = NO;
				ENABLE_STRICT_OBJC_MSGSEND = YES;
				GCC_C_LANGUAGE_STANDARD = gnu11;
				GCC_NO_COMMON_BLOCKS = YES;
				GCC_WARN_64_TO_32_BIT_CONVERSION = YES;
				GCC_WARN_ABOUT_RETURN_TYPE = YES_ERROR;
				GCC_WARN_UNDECLARED_SELECTOR = YES;
				GCC_WARN_UNINITIALIZED_AUTOS = YES_AGGRESSIVE;
				GCC_WARN_UNUSED_FUNCTION = YES;
				GCC_WARN_UNUSED_VARIABLE = YES;
				IPHONEOS_DEPLOYMENT_TARGET = 16.4;
				MTL_ENABLE_DEBUG_INFO = NO;
				MTL_FAST_MATH = YES;
				SDKROOT = iphoneos;
				SWIFT_COMPILATION_MODE = wholemodule;
				SWIFT_OPTIMIZATION_LEVEL = "-O";
				VALIDATE_PRODUCT = YES;
			};
			name = Release;
		};
		5ADED2192A6A061100C0CBF4 /* Debug */ = {
			isa = XCBuildConfiguration;
			buildSettings = {
				ASSETCATALOG_COMPILER_APPICON_NAME = AppIcon;
				ASSETCATALOG_COMPILER_GLOBAL_ACCENT_COLOR_NAME = AccentColor;
				CODE_SIGN_STYLE = Automatic;
				CURRENT_PROJECT_VERSION = 1;
				DEVELOPMENT_TEAM = 8LJ2P85FNV;
				GENERATE_INFOPLIST_FILE = YES;
				INFOPLIST_FILE = CoinedWord/Info.plist;
				INFOPLIST_KEY_UIApplicationSupportsIndirectInputEvents = YES;
				INFOPLIST_KEY_UILaunchStoryboardName = LaunchScreen;
				INFOPLIST_KEY_UIMainStoryboardFile = Main;
				INFOPLIST_KEY_UISupportedInterfaceOrientations_iPad = "UIInterfaceOrientationPortrait UIInterfaceOrientationPortraitUpsideDown UIInterfaceOrientationLandscapeLeft UIInterfaceOrientationLandscapeRight";
				INFOPLIST_KEY_UISupportedInterfaceOrientations_iPhone = "UIInterfaceOrientationPortrait UIInterfaceOrientationLandscapeLeft UIInterfaceOrientationLandscapeRight";
				IPHONEOS_DEPLOYMENT_TARGET = 16.0;
				LD_RUNPATH_SEARCH_PATHS = (
					"$(inherited)",
					"@executable_path/Frameworks",
				);
				MARKETING_VERSION = 1.0;
				PRODUCT_BUNDLE_IDENTIFIER = com.ios.CoinedWord;
				PRODUCT_NAME = "$(TARGET_NAME)";
				SWIFT_EMIT_LOC_STRINGS = YES;
				SWIFT_VERSION = 5.0;
				TARGETED_DEVICE_FAMILY = "1,2";
			};
			name = Debug;
		};
		5ADED21A2A6A061100C0CBF4 /* Release */ = {
			isa = XCBuildConfiguration;
			buildSettings = {
				ASSETCATALOG_COMPILER_APPICON_NAME = AppIcon;
				ASSETCATALOG_COMPILER_GLOBAL_ACCENT_COLOR_NAME = AccentColor;
				CODE_SIGN_STYLE = Automatic;
				CURRENT_PROJECT_VERSION = 1;
				DEVELOPMENT_TEAM = 8LJ2P85FNV;
				GENERATE_INFOPLIST_FILE = YES;
				INFOPLIST_FILE = CoinedWord/Info.plist;
				INFOPLIST_KEY_UIApplicationSupportsIndirectInputEvents = YES;
				INFOPLIST_KEY_UILaunchStoryboardName = LaunchScreen;
				INFOPLIST_KEY_UIMainStoryboardFile = Main;
				INFOPLIST_KEY_UISupportedInterfaceOrientations_iPad = "UIInterfaceOrientationPortrait UIInterfaceOrientationPortraitUpsideDown UIInterfaceOrientationLandscapeLeft UIInterfaceOrientationLandscapeRight";
				INFOPLIST_KEY_UISupportedInterfaceOrientations_iPhone = "UIInterfaceOrientationPortrait UIInterfaceOrientationLandscapeLeft UIInterfaceOrientationLandscapeRight";
				IPHONEOS_DEPLOYMENT_TARGET = 16.0;
				LD_RUNPATH_SEARCH_PATHS = (
					"$(inherited)",
					"@executable_path/Frameworks",
				);
				MARKETING_VERSION = 1.0;
				PRODUCT_BUNDLE_IDENTIFIER = com.ios.CoinedWord;
				PRODUCT_NAME = "$(TARGET_NAME)";
				SWIFT_EMIT_LOC_STRINGS = YES;
				SWIFT_VERSION = 5.0;
				TARGETED_DEVICE_FAMILY = "1,2";
			};
			name = Release;
		};
/* End XCBuildConfiguration section */

/* Begin XCConfigurationList section */
		5ADED1FF2A6A060C00C0CBF4 /* Build configuration list for PBXProject "CoinedWord" */ = {
			isa = XCConfigurationList;
			buildConfigurations = (
				5ADED2162A6A061100C0CBF4 /* Debug */,
				5ADED2172A6A061100C0CBF4 /* Release */,
			);
			defaultConfigurationIsVisible = 0;
			defaultConfigurationName = Release;
		};
		5ADED2182A6A061100C0CBF4 /* Build configuration list for PBXNativeTarget "CoinedWord" */ = {
			isa = XCConfigurationList;
			buildConfigurations = (
				5ADED2192A6A061100C0CBF4 /* Debug */,
				5ADED21A2A6A061100C0CBF4 /* Release */,
			);
			defaultConfigurationIsVisible = 0;
			defaultConfigurationName = Release;
		};
/* End XCConfigurationList section */
	};
	rootObject = 5ADED1FC2A6A060C00C0CBF4 /* Project object */;
}
