// !$*UTF8*$!
{
	archiveVersion = 1;
	classes = {
	};
	objectVersion = 56;
	objects = {

/* Begin PBXBuildFile section */
		5A1C489D2A773A7A00CC345A /* AppDelegate.swift in Sources */ = {isa = PBXBuildFile; fileRef = 5A1C489C2A773A7A00CC345A /* AppDelegate.swift */; };
		5A1C489F2A773A7A00CC345A /* SceneDelegate.swift in Sources */ = {isa = PBXBuildFile; fileRef = 5A1C489E2A773A7A00CC345A /* SceneDelegate.swift */; };
		5A1C48A12A773A7A00CC345A /* AddViewController.swift in Sources */ = {isa = PBXBuildFile; fileRef = 5A1C48A02A773A7A00CC345A /* AddViewController.swift */; };
		5A1C48A42A773A7A00CC345A /* Main.storyboard in Resources */ = {isa = PBXBuildFile; fileRef = 5A1C48A22A773A7A00CC345A /* Main.storyboard */; };
		5A1C48A62A773A7D00CC345A /* Assets.xcassets in Resources */ = {isa = PBXBuildFile; fileRef = 5A1C48A52A773A7D00CC345A /* Assets.xcassets */; };
		5A1C48A92A773A7D00CC345A /* LaunchScreen.storyboard in Resources */ = {isa = PBXBuildFile; fileRef = 5A1C48A72A773A7D00CC345A /* LaunchScreen.storyboard */; };
		5A1C48B12A773AD600CC345A /* DiaryTableViewController.swift in Sources */ = {isa = PBXBuildFile; fileRef = 5A1C48B02A773AD600CC345A /* DiaryTableViewController.swift */; };
		5A1C48B62A773BB600CC345A /* DiaryTableViewCell.swift in Sources */ = {isa = PBXBuildFile; fileRef = 5A1C48B42A773BB600CC345A /* DiaryTableViewCell.swift */; };
		5A1C48B72A773BB600CC345A /* DiaryTableViewCell.xib in Resources */ = {isa = PBXBuildFile; fileRef = 5A1C48B52A773BB600CC345A /* DiaryTableViewCell.xib */; };
		5A1C48B92A7752C600CC345A /* DetailViewController.swift in Sources */ = {isa = PBXBuildFile; fileRef = 5A1C48B82A7752C600CC345A /* DetailViewController.swift */; };
		5A1C48BB2A77625D00CC345A /* UIViewCotroller+Extension.swift in Sources */ = {isa = PBXBuildFile; fileRef = 5A1C48BA2A77625D00CC345A /* UIViewCotroller+Extension.swift */; };
		5A1C48BD2A77795D00CC345A /* SearchCollectionViewController.swift in Sources */ = {isa = PBXBuildFile; fileRef = 5A1C48BC2A77795C00CC345A /* SearchCollectionViewController.swift */; };
		5A1C48C02A777AD700CC345A /* SearchCollectionViewCell.swift in Sources */ = {isa = PBXBuildFile; fileRef = 5A1C48BE2A777AD700CC345A /* SearchCollectionViewCell.swift */; };
		5A1C48C12A777AD700CC345A /* SearchCollectionViewCell.xib in Resources */ = {isa = PBXBuildFile; fileRef = 5A1C48BF2A777AD700CC345A /* SearchCollectionViewCell.xib */; };
		5A1C490B2A789B5200CC345A /* SettingTableViewController.swift in Sources */ = {isa = PBXBuildFile; fileRef = 5A1C490A2A789B5200CC345A /* SettingTableViewController.swift */; };
		5A1C49132A79F22E00CC345A /* TimelineViewController.swift in Sources */ = {isa = PBXBuildFile; fileRef = 5A1C49122A79F22E00CC345A /* TimelineViewController.swift */; };
		5A1C49272A7B72C000CC345A /* LottoViewController.swift in Sources */ = {isa = PBXBuildFile; fileRef = 5A1C49262A7B72C000CC345A /* LottoViewController.swift */; };
/* End PBXBuildFile section */

/* Begin PBXFileReference section */
		5A1C48992A773A7A00CC345A /* OneLineDiary.app */ = {isa = PBXFileReference; explicitFileType = wrapper.application; includeInIndex = 0; path = OneLineDiary.app; sourceTree = BUILT_PRODUCTS_DIR; };
		5A1C489C2A773A7A00CC345A /* AppDelegate.swift */ = {isa = PBXFileReference; lastKnownFileType = sourcecode.swift; path = AppDelegate.swift; sourceTree = "<group>"; };
		5A1C489E2A773A7A00CC345A /* SceneDelegate.swift */ = {isa = PBXFileReference; lastKnownFileType = sourcecode.swift; path = SceneDelegate.swift; sourceTree = "<group>"; };
		5A1C48A02A773A7A00CC345A /* AddViewController.swift */ = {isa = PBXFileReference; lastKnownFileType = sourcecode.swift; path = AddViewController.swift; sourceTree = "<group>"; };
		5A1C48A32A773A7A00CC345A /* Base */ = {isa = PBXFileReference; lastKnownFileType = file.storyboard; name = Base; path = Base.lproj/Main.storyboard; sourceTree = "<group>"; };
		5A1C48A52A773A7D00CC345A /* Assets.xcassets */ = {isa = PBXFileReference; lastKnownFileType = folder.assetcatalog; path = Assets.xcassets; sourceTree = "<group>"; };
		5A1C48A82A773A7D00CC345A /* Base */ = {isa = PBXFileReference; lastKnownFileType = file.storyboard; name = Base; path = Base.lproj/LaunchScreen.storyboard; sourceTree = "<group>"; };
		5A1C48AA2A773A7D00CC345A /* Info.plist */ = {isa = PBXFileReference; lastKnownFileType = text.plist.xml; path = Info.plist; sourceTree = "<group>"; };
		5A1C48B02A773AD600CC345A /* DiaryTableViewController.swift */ = {isa = PBXFileReference; lastKnownFileType = sourcecode.swift; path = DiaryTableViewController.swift; sourceTree = "<group>"; };
		5A1C48B42A773BB600CC345A /* DiaryTableViewCell.swift */ = {isa = PBXFileReference; lastKnownFileType = sourcecode.swift; path = DiaryTableViewCell.swift; sourceTree = "<group>"; };
		5A1C48B52A773BB600CC345A /* DiaryTableViewCell.xib */ = {isa = PBXFileReference; lastKnownFileType = file.xib; path = DiaryTableViewCell.xib; sourceTree = "<group>"; };
		5A1C48B82A7752C600CC345A /* DetailViewController.swift */ = {isa = PBXFileReference; lastKnownFileType = sourcecode.swift; path = DetailViewController.swift; sourceTree = "<group>"; };
		5A1C48BA2A77625D00CC345A /* UIViewCotroller+Extension.swift */ = {isa = PBXFileReference; lastKnownFileType = sourcecode.swift; path = "UIViewCotroller+Extension.swift"; sourceTree = "<group>"; };
		5A1C48BC2A77795C00CC345A /* SearchCollectionViewController.swift */ = {isa = PBXFileReference; lastKnownFileType = sourcecode.swift; path = SearchCollectionViewController.swift; sourceTree = "<group>"; };
		5A1C48BE2A777AD700CC345A /* SearchCollectionViewCell.swift */ = {isa = PBXFileReference; lastKnownFileType = sourcecode.swift; path = SearchCollectionViewCell.swift; sourceTree = "<group>"; };
		5A1C48BF2A777AD700CC345A /* SearchCollectionViewCell.xib */ = {isa = PBXFileReference; lastKnownFileType = file.xib; path = SearchCollectionViewCell.xib; sourceTree = "<group>"; };
		5A1C490A2A789B5200CC345A /* SettingTableViewController.swift */ = {isa = PBXFileReference; lastKnownFileType = sourcecode.swift; path = SettingTableViewController.swift; sourceTree = "<group>"; };
		5A1C49122A79F22E00CC345A /* TimelineViewController.swift */ = {isa = PBXFileReference; lastKnownFileType = sourcecode.swift; path = TimelineViewController.swift; sourceTree = "<group>"; };
		5A1C49262A7B72C000CC345A /* LottoViewController.swift */ = {isa = PBXFileReference; lastKnownFileType = sourcecode.swift; path = LottoViewController.swift; sourceTree = "<group>"; };
/* End PBXFileReference section */

/* Begin PBXFrameworksBuildPhase section */
		5A1C48962A773A7A00CC345A /* Frameworks */ = {
			isa = PBXFrameworksBuildPhase;
			buildActionMask = 2147483647;
			files = (
			);
			runOnlyForDeploymentPostprocessing = 0;
		};
/* End PBXFrameworksBuildPhase section */

/* Begin PBXGroup section */
		5A1C48902A773A7A00CC345A = {
			isa = PBXGroup;
			children = (
				5A1C489B2A773A7A00CC345A /* OneLineDiary */,
				5A1C489A2A773A7A00CC345A /* Products */,
			);
			sourceTree = "<group>";
		};
		5A1C489A2A773A7A00CC345A /* Products */ = {
			isa = PBXGroup;
			children = (
				5A1C48992A773A7A00CC345A /* OneLineDiary.app */,
			);
			name = Products;
			sourceTree = "<group>";
		};
		5A1C489B2A773A7A00CC345A /* OneLineDiary */ = {
			isa = PBXGroup;
			children = (
				5A1C489C2A773A7A00CC345A /* AppDelegate.swift */,
				5A1C489E2A773A7A00CC345A /* SceneDelegate.swift */,
				5A1C48A02A773A7A00CC345A /* AddViewController.swift */,
				5A1C48B02A773AD600CC345A /* DiaryTableViewController.swift */,
				5A1C48A22A773A7A00CC345A /* Main.storyboard */,
				5A1C49262A7B72C000CC345A /* LottoViewController.swift */,
				5A1C49122A79F22E00CC345A /* TimelineViewController.swift */,
				5A1C490A2A789B5200CC345A /* SettingTableViewController.swift */,
				5A1C48BE2A777AD700CC345A /* SearchCollectionViewCell.swift */,
				5A1C48BF2A777AD700CC345A /* SearchCollectionViewCell.xib */,
				5A1C48BC2A77795C00CC345A /* SearchCollectionViewController.swift */,
				5A1C48B82A7752C600CC345A /* DetailViewController.swift */,
				5A1C48B42A773BB600CC345A /* DiaryTableViewCell.swift */,
				5A1C48B52A773BB600CC345A /* DiaryTableViewCell.xib */,
				5A1C48A52A773A7D00CC345A /* Assets.xcassets */,
				5A1C48A72A773A7D00CC345A /* LaunchScreen.storyboard */,
				5A1C48AA2A773A7D00CC345A /* Info.plist */,
				5A1C48BA2A77625D00CC345A /* UIViewCotroller+Extension.swift */,
			);
			path = OneLineDiary;
			sourceTree = "<group>";
		};
/* End PBXGroup section */

/* Begin PBXNativeTarget section */
		5A1C48982A773A7A00CC345A /* OneLineDiary */ = {
			isa = PBXNativeTarget;
			buildConfigurationList = 5A1C48AD2A773A7D00CC345A /* Build configuration list for PBXNativeTarget "OneLineDiary" */;
			buildPhases = (
				5A1C48952A773A7A00CC345A /* Sources */,
				5A1C48962A773A7A00CC345A /* Frameworks */,
				5A1C48972A773A7A00CC345A /* Resources */,
			);
			buildRules = (
			);
			dependencies = (
			);
			name = OneLineDiary;
			productName = OneLineDiary;
			productReference = 5A1C48992A773A7A00CC345A /* OneLineDiary.app */;
			productType = "com.apple.product-type.application";
		};
/* End PBXNativeTarget section */

/* Begin PBXProject section */
		5A1C48912A773A7A00CC345A /* Project object */ = {
			isa = PBXProject;
			attributes = {
				BuildIndependentTargetsInParallel = 1;
				LastSwiftUpdateCheck = 1430;
				LastUpgradeCheck = 1430;
				TargetAttributes = {
					5A1C48982A773A7A00CC345A = {
						CreatedOnToolsVersion = 14.3.1;
					};
				};
			};
			buildConfigurationList = 5A1C48942A773A7A00CC345A /* Build configuration list for PBXProject "OneLineDiary" */;
			compatibilityVersion = "Xcode 14.0";
			developmentRegion = en;
			hasScannedForEncodings = 0;
			knownRegions = (
				en,
				Base,
			);
			mainGroup = 5A1C48902A773A7A00CC345A;
			productRefGroup = 5A1C489A2A773A7A00CC345A /* Products */;
			projectDirPath = "";
			projectRoot = "";
			targets = (
				5A1C48982A773A7A00CC345A /* OneLineDiary */,
			);
		};
/* End PBXProject section */

/* Begin PBXResourcesBuildPhase section */
		5A1C48972A773A7A00CC345A /* Resources */ = {
			isa = PBXResourcesBuildPhase;
			buildActionMask = 2147483647;
			files = (
				5A1C48A92A773A7D00CC345A /* LaunchScreen.storyboard in Resources */,
				5A1C48B72A773BB600CC345A /* DiaryTableViewCell.xib in Resources */,
				5A1C48C12A777AD700CC345A /* SearchCollectionViewCell.xib in Resources */,
				5A1C48A62A773A7D00CC345A /* Assets.xcassets in Resources */,
				5A1C48A42A773A7A00CC345A /* Main.storyboard in Resources */,
			);
			runOnlyForDeploymentPostprocessing = 0;
		};
/* End PBXResourcesBuildPhase section */

/* Begin PBXSourcesBuildPhase section */
		5A1C48952A773A7A00CC345A /* Sources */ = {
			isa = PBXSourcesBuildPhase;
			buildActionMask = 2147483647;
			files = (
				5A1C48BD2A77795D00CC345A /* SearchCollectionViewController.swift in Sources */,
				5A1C49132A79F22E00CC345A /* TimelineViewController.swift in Sources */,
				5A1C48B62A773BB600CC345A /* DiaryTableViewCell.swift in Sources */,
				5A1C48A12A773A7A00CC345A /* AddViewController.swift in Sources */,
				5A1C48B12A773AD600CC345A /* DiaryTableViewController.swift in Sources */,
				5A1C490B2A789B5200CC345A /* SettingTableViewController.swift in Sources */,
				5A1C48BB2A77625D00CC345A /* UIViewCotroller+Extension.swift in Sources */,
				5A1C48B92A7752C600CC345A /* DetailViewController.swift in Sources */,
				5A1C489D2A773A7A00CC345A /* AppDelegate.swift in Sources */,
				5A1C49272A7B72C000CC345A /* LottoViewController.swift in Sources */,
				5A1C489F2A773A7A00CC345A /* SceneDelegate.swift in Sources */,
				5A1C48C02A777AD700CC345A /* SearchCollectionViewCell.swift in Sources */,
			);
			runOnlyForDeploymentPostprocessing = 0;
		};
/* End PBXSourcesBuildPhase section */

/* Begin PBXVariantGroup section */
		5A1C48A22A773A7A00CC345A /* Main.storyboard */ = {
			isa = PBXVariantGroup;
			children = (
				5A1C48A32A773A7A00CC345A /* Base */,
			);
			name = Main.storyboard;
			sourceTree = "<group>";
		};
		5A1C48A72A773A7D00CC345A /* LaunchScreen.storyboard */ = {
			isa = PBXVariantGroup;
			children = (
				5A1C48A82A773A7D00CC345A /* Base */,
			);
			name = LaunchScreen.storyboard;
			sourceTree = "<group>";
		};
/* End PBXVariantGroup section */

/* Begin XCBuildConfiguration section */
		5A1C48AB2A773A7D00CC345A /* Debug */ = {
			isa = XCBuildConfiguration;
			buildSettings = {
				ALWAYS_SEARCH_USER_PATHS = NO;
				CLANG_ANALYZER_NONNULL = YES;
				CLANG_ANALYZER_NUMBER_OBJECT_CONVERSION = YES_AGGRESSIVE;
				CLANG_CXX_LANGUAGE_STANDARD = "gnu++20";
				CLANG_ENABLE_MODULES = YES;
				CLANG_ENABLE_OBJC_ARC = YES;
				CLANG_ENABLE_OBJC_WEAK = YES;
				CLANG_WARN_BLOCK_CAPTURE_AUTORELEASING = YES;
				CLANG_WARN_BOOL_CONVERSION = YES;
				CLANG_WARN_COMMA = YES;
				CLANG_WARN_CONSTANT_CONVERSION = YES;
				CLANG_WARN_DEPRECATED_OBJC_IMPLEMENTATIONS = YES;
				CLANG_WARN_DIRECT_OBJC_ISA_USAGE = YES_ERROR;
				CLANG_WARN_DOCUMENTATION_COMMENTS = YES;
				CLANG_WARN_EMPTY_BODY = YES;
				CLANG_WARN_ENUM_CONVERSION = YES;
				CLANG_WARN_INFINITE_RECURSION = YES;
				CLANG_WARN_INT_CONVERSION = YES;
				CLANG_WARN_NON_LITERAL_NULL_CONVERSION = YES;
				CLANG_WARN_OBJC_IMPLICIT_RETAIN_SELF = YES;
				CLANG_WARN_OBJC_LITERAL_CONVERSION = YES;
				CLANG_WARN_OBJC_ROOT_CLASS = YES_ERROR;
				CLANG_WARN_QUOTED_INCLUDE_IN_FRAMEWORK_HEADER = YES;
				CLANG_WARN_RANGE_LOOP_ANALYSIS = YES;
				CLANG_WARN_STRICT_PROTOTYPES = YES;
				CLANG_WARN_SUSPICIOUS_MOVE = YES;
				CLANG_WARN_UNGUARDED_AVAILABILITY = YES_AGGRESSIVE;
				CLANG_WARN_UNREACHABLE_CODE = YES;
				CLANG_WARN__DUPLICATE_METHOD_MATCH = YES;
				COPY_PHASE_STRIP = NO;
				DEBUG_INFORMATION_FORMAT = dwarf;
				ENABLE_STRICT_OBJC_MSGSEND = YES;
				ENABLE_TESTABILITY = YES;
				GCC_C_LANGUAGE_STANDARD = gnu11;
				GCC_DYNAMIC_NO_PIC = NO;
				GCC_NO_COMMON_BLOCKS = YES;
				GCC_OPTIMIZATION_LEVEL = 0;
				GCC_PREPROCESSOR_DEFINITIONS = (
					"DEBUG=1",
					"$(inherited)",
				);
				GCC_WARN_64_TO_32_BIT_CONVERSION = YES;
				GCC_WARN_ABOUT_RETURN_TYPE = YES_ERROR;
				GCC_WARN_UNDECLARED_SELECTOR = YES;
				GCC_WARN_UNINITIALIZED_AUTOS = YES_AGGRESSIVE;
				GCC_WARN_UNUSED_FUNCTION = YES;
				GCC_WARN_UNUSED_VARIABLE = YES;
				IPHONEOS_DEPLOYMENT_TARGET = 16.4;
				MTL_ENABLE_DEBUG_INFO = INCLUDE_SOURCE;
				MTL_FAST_MATH = YES;
				ONLY_ACTIVE_ARCH = YES;
				SDKROOT = iphoneos;
				SWIFT_ACTIVE_COMPILATION_CONDITIONS = DEBUG;
				SWIFT_OPTIMIZATION_LEVEL = "-Onone";
			};
			name = Debug;
		};
		5A1C48AC2A773A7D00CC345A /* Release */ = {
			isa = XCBuildConfiguration;
			buildSettings = {
				ALWAYS_SEARCH_USER_PATHS = NO;
				CLANG_ANALYZER_NONNULL = YES;
				CLANG_ANALYZER_NUMBER_OBJECT_CONVERSION = YES_AGGRESSIVE;
				CLANG_CXX_LANGUAGE_STANDARD = "gnu++20";
				CLANG_ENABLE_MODULES = YES;
				CLANG_ENABLE_OBJC_ARC = YES;
				CLANG_ENABLE_OBJC_WEAK = YES;
				CLANG_WARN_BLOCK_CAPTURE_AUTORELEASING = YES;
				CLANG_WARN_BOOL_CONVERSION = YES;
				CLANG_WARN_COMMA = YES;
				CLANG_WARN_CONSTANT_CONVERSION = YES;
				CLANG_WARN_DEPRECATED_OBJC_IMPLEMENTATIONS = YES;
				CLANG_WARN_DIRECT_OBJC_ISA_USAGE = YES_ERROR;
				CLANG_WARN_DOCUMENTATION_COMMENTS = YES;
				CLANG_WARN_EMPTY_BODY = YES;
				CLANG_WARN_ENUM_CONVERSION = YES;
				CLANG_WARN_INFINITE_RECURSION = YES;
				CLANG_WARN_INT_CONVERSION = YES;
				CLANG_WARN_NON_LITERAL_NULL_CONVERSION = YES;
				CLANG_WARN_OBJC_IMPLICIT_RETAIN_SELF = YES;
				CLANG_WARN_OBJC_LITERAL_CONVERSION = YES;
				CLANG_WARN_OBJC_ROOT_CLASS = YES_ERROR;
				CLANG_WARN_QUOTED_INCLUDE_IN_FRAMEWORK_HEADER = YES;
				CLANG_WARN_RANGE_LOOP_ANALYSIS = YES;
				CLANG_WARN_STRICT_PROTOTYPES = YES;
				CLANG_WARN_SUSPICIOUS_MOVE = YES;
				CLANG_WARN_UNGUARDED_AVAILABILITY = YES_AGGRESSIVE;
				CLANG_WARN_UNREACHABLE_CODE = YES;
				CLANG_WARN__DUPLICATE_METHOD_MATCH = YES;
				COPY_PHASE_STRIP = NO;
				DEBUG_INFORMATION_FORMAT = "dwarf-with-dsym";
				ENABLE_NS_ASSERTIONS = NO;
				ENABLE_STRICT_OBJC_MSGSEND = YES;
				GCC_C_LANGUAGE_STANDARD = gnu11;
				GCC_NO_COMMON_BLOCKS = YES;
				GCC_WARN_64_TO_32_BIT_CONVERSION = YES;
				GCC_WARN_ABOUT_RETURN_TYPE = YES_ERROR;
				GCC_WARN_UNDECLARED_SELECTOR = YES;
				GCC_WARN_UNINITIALIZED_AUTOS = YES_AGGRESSIVE;
				GCC_WARN_UNUSED_FUNCTION = YES;
				GCC_WARN_UNUSED_VARIABLE = YES;
				IPHONEOS_DEPLOYMENT_TARGET = 16.4;
				MTL_ENABLE_DEBUG_INFO = NO;
				MTL_FAST_MATH = YES;
				SDKROOT = iphoneos;
				SWIFT_COMPILATION_MODE = wholemodule;
				SWIFT_OPTIMIZATION_LEVEL = "-O";
				VALIDATE_PRODUCT = YES;
			};
			name = Release;
		};
		5A1C48AE2A773A7D00CC345A /* Debug */ = {
			isa = XCBuildConfiguration;
			buildSettings = {
				ASSETCATALOG_COMPILER_APPICON_NAME = AppIcon;
				ASSETCATALOG_COMPILER_GLOBAL_ACCENT_COLOR_NAME = AccentColor;
				CODE_SIGN_STYLE = Automatic;
				CURRENT_PROJECT_VERSION = 1;
				DEVELOPMENT_TEAM = 8LJ2P85FNV;
				GENERATE_INFOPLIST_FILE = YES;
				INFOPLIST_FILE = OneLineDiary/Info.plist;
				INFOPLIST_KEY_UIApplicationSupportsIndirectInputEvents = YES;
				INFOPLIST_KEY_UILaunchStoryboardName = LaunchScreen;
				INFOPLIST_KEY_UIMainStoryboardFile = Main;
				INFOPLIST_KEY_UISupportedInterfaceOrientations_iPad = "UIInterfaceOrientationPortrait UIInterfaceOrientationPortraitUpsideDown UIInterfaceOrientationLandscapeLeft UIInterfaceOrientationLandscapeRight";
				INFOPLIST_KEY_UISupportedInterfaceOrientations_iPhone = "UIInterfaceOrientationPortrait UIInterfaceOrientationLandscapeLeft UIInterfaceOrientationLandscapeRight";
				IPHONEOS_DEPLOYMENT_TARGET = 16.0;
				LD_RUNPATH_SEARCH_PATHS = (
					"$(inherited)",
					"@executable_path/Frameworks",
				);
				MARKETING_VERSION = 1.0;
				PRODUCT_BUNDLE_IDENTIFIER = com.ios.OneLineDiary;
				PRODUCT_NAME = "$(TARGET_NAME)";
				SUPPORTED_PLATFORMS = "iphoneos iphonesimulator";
				SUPPORTS_MACCATALYST = NO;
				SUPPORTS_MAC_DESIGNED_FOR_IPHONE_IPAD = NO;
				SWIFT_EMIT_LOC_STRINGS = YES;
				SWIFT_VERSION = 5.0;
				TARGETED_DEVICE_FAMILY = "1,2";
			};
			name = Debug;
		};
		5A1C48AF2A773A7D00CC345A /* Release */ = {
			isa = XCBuildConfiguration;
			buildSettings = {
				ASSETCATALOG_COMPILER_APPICON_NAME = AppIcon;
				ASSETCATALOG_COMPILER_GLOBAL_ACCENT_COLOR_NAME = AccentColor;
				CODE_SIGN_STYLE = Automatic;
				CURRENT_PROJECT_VERSION = 1;
				DEVELOPMENT_TEAM = 8LJ2P85FNV;
				GENERATE_INFOPLIST_FILE = YES;
				INFOPLIST_FILE = OneLineDiary/Info.plist;
				INFOPLIST_KEY_UIApplicationSupportsIndirectInputEvents = YES;
				INFOPLIST_KEY_UILaunchStoryboardName = LaunchScreen;
				INFOPLIST_KEY_UIMainStoryboardFile = Main;
				INFOPLIST_KEY_UISupportedInterfaceOrientations_iPad = "UIInterfaceOrientationPortrait UIInterfaceOrientationPortraitUpsideDown UIInterfaceOrientationLandscapeLeft UIInterfaceOrientationLandscapeRight";
				INFOPLIST_KEY_UISupportedInterfaceOrientations_iPhone = "UIInterfaceOrientationPortrait UIInterfaceOrientationLandscapeLeft UIInterfaceOrientationLandscapeRight";
				IPHONEOS_DEPLOYMENT_TARGET = 16.0;
				LD_RUNPATH_SEARCH_PATHS = (
					"$(inherited)",
					"@executable_path/Frameworks",
				);
				MARKETING_VERSION = 1.0;
				PRODUCT_BUNDLE_IDENTIFIER = com.ios.OneLineDiary;
				PRODUCT_NAME = "$(TARGET_NAME)";
				SUPPORTED_PLATFORMS = "iphoneos iphonesimulator";
				SUPPORTS_MACCATALYST = NO;
				SUPPORTS_MAC_DESIGNED_FOR_IPHONE_IPAD = NO;
				SWIFT_EMIT_LOC_STRINGS = YES;
				SWIFT_VERSION = 5.0;
				TARGETED_DEVICE_FAMILY = "1,2";
			};
			name = Release;
		};
/* End XCBuildConfiguration section */

/* Begin XCConfigurationList section */
		5A1C48942A773A7A00CC345A /* Build configuration list for PBXProject "OneLineDiary" */ = {
			isa = XCConfigurationList;
			buildConfigurations = (
				5A1C48AB2A773A7D00CC345A /* Debug */,
				5A1C48AC2A773A7D00CC345A /* Release */,
			);
			defaultConfigurationIsVisible = 0;
			defaultConfigurationName = Release;
		};
		5A1C48AD2A773A7D00CC345A /* Build configuration list for PBXNativeTarget "OneLineDiary" */ = {
			isa = XCConfigurationList;
			buildConfigurations = (
				5A1C48AE2A773A7D00CC345A /* Debug */,
				5A1C48AF2A773A7D00CC345A /* Release */,
			);
			defaultConfigurationIsVisible = 0;
			defaultConfigurationName = Release;
		};
/* End XCConfigurationList section */
	};
	rootObject = 5A1C48912A773A7A00CC345A /* Project object */;
}
