// !$*UTF8*$!
{
	archiveVersion = 1;
	classes = {
	};
	objectVersion = 56;
	objects = {

/* Begin PBXBuildFile section */
		5A1C47F82A72002300CC345A /* AppDelegate.swift in Sources */ = {isa = PBXBuildFile; fileRef = 5A1C47F72A72002300CC345A /* AppDelegate.swift */; };
		5A1C47FA2A72002300CC345A /* SceneDelegate.swift in Sources */ = {isa = PBXBuildFile; fileRef = 5A1C47F92A72002300CC345A /* SceneDelegate.swift */; };
		5A1C47FC2A72002300CC345A /* ViewController.swift in Sources */ = {isa = PBXBuildFile; fileRef = 5A1C47FB2A72002300CC345A /* ViewController.swift */; };
		5A1C47FF2A72002300CC345A /* Main.storyboard in Resources */ = {isa = PBXBuildFile; fileRef = 5A1C47FD2A72002300CC345A /* Main.storyboard */; };
		5A1C48012A72002500CC345A /* Assets.xcassets in Resources */ = {isa = PBXBuildFile; fileRef = 5A1C48002A72002500CC345A /* Assets.xcassets */; };
		5A1C48042A72002500CC345A /* LaunchScreen.storyboard in Resources */ = {isa = PBXBuildFile; fileRef = 5A1C48022A72002500CC345A /* LaunchScreen.storyboard */; };
		5A1C480C2A720FED00CC345A /* TodoTableViewController.swift in Sources */ = {isa = PBXBuildFile; fileRef = 5A1C480B2A720FED00CC345A /* TodoTableViewController.swift */; };
		5A1C482E2A7232D000CC345A /* DoitTableViewController.swift in Sources */ = {isa = PBXBuildFile; fileRef = 5A1C482D2A7232D000CC345A /* DoitTableViewController.swift */; };
		5A1C48322A72496400CC345A /* UIViewController+.swift in Sources */ = {isa = PBXBuildFile; fileRef = 5A1C48312A72496400CC345A /* UIViewController+.swift */; };
		5A1C48342A726B1300CC345A /* Setting.storyboard in Resources */ = {isa = PBXBuildFile; fileRef = 5A1C48332A726B1300CC345A /* Setting.storyboard */; };
		5A1C48362A72731600CC345A /* SettingTableViewController.swift in Sources */ = {isa = PBXBuildFile; fileRef = 5A1C48352A72731600CC345A /* SettingTableViewController.swift */; };
		5A1C48382A7274AA00CC345A /* SettingType.swift in Sources */ = {isa = PBXBuildFile; fileRef = 5A1C48372A7274AA00CC345A /* SettingType.swift */; };
		5A1C483C2A7279E100CC345A /* ShoppingViewController.swift in Sources */ = {isa = PBXBuildFile; fileRef = 5A1C483B2A7279E100CC345A /* ShoppingViewController.swift */; };
		5A1C483E2A727DF100CC345A /* UITextField+.swift in Sources */ = {isa = PBXBuildFile; fileRef = 5A1C483D2A727DF100CC345A /* UITextField+.swift */; };
		5A1C48402A72853300CC345A /* ShoppingTableViewCell.swift in Sources */ = {isa = PBXBuildFile; fileRef = 5A1C483F2A72853200CC345A /* ShoppingTableViewCell.swift */; };
		5A1C48422A728A1500CC345A /* UserDefault.swift in Sources */ = {isa = PBXBuildFile; fileRef = 5A1C48412A728A1500CC345A /* UserDefault.swift */; };
/* End PBXBuildFile section */

/* Begin PBXFileReference section */
		5A1C47F42A72002300CC345A /* SeSAC3Week3.app */ = {isa = PBXFileReference; explicitFileType = wrapper.application; includeInIndex = 0; path = SeSAC3Week3.app; sourceTree = BUILT_PRODUCTS_DIR; };
		5A1C47F72A72002300CC345A /* AppDelegate.swift */ = {isa = PBXFileReference; lastKnownFileType = sourcecode.swift; path = AppDelegate.swift; sourceTree = "<group>"; };
		5A1C47F92A72002300CC345A /* SceneDelegate.swift */ = {isa = PBXFileReference; lastKnownFileType = sourcecode.swift; path = SceneDelegate.swift; sourceTree = "<group>"; };
		5A1C47FB2A72002300CC345A /* ViewController.swift */ = {isa = PBXFileReference; lastKnownFileType = sourcecode.swift; path = ViewController.swift; sourceTree = "<group>"; };
		5A1C47FE2A72002300CC345A /* Base */ = {isa = PBXFileReference; lastKnownFileType = file.storyboard; name = Base; path = Base.lproj/Main.storyboard; sourceTree = "<group>"; };
		5A1C48002A72002500CC345A /* Assets.xcassets */ = {isa = PBXFileReference; lastKnownFileType = folder.assetcatalog; path = Assets.xcassets; sourceTree = "<group>"; };
		5A1C48032A72002500CC345A /* Base */ = {isa = PBXFileReference; lastKnownFileType = file.storyboard; name = Base; path = Base.lproj/LaunchScreen.storyboard; sourceTree = "<group>"; };
		5A1C48052A72002500CC345A /* Info.plist */ = {isa = PBXFileReference; lastKnownFileType = text.plist.xml; path = Info.plist; sourceTree = "<group>"; };
		5A1C480B2A720FED00CC345A /* TodoTableViewController.swift */ = {isa = PBXFileReference; lastKnownFileType = sourcecode.swift; path = TodoTableViewController.swift; sourceTree = "<group>"; };
		5A1C482D2A7232D000CC345A /* DoitTableViewController.swift */ = {isa = PBXFileReference; lastKnownFileType = sourcecode.swift; path = DoitTableViewController.swift; sourceTree = "<group>"; };
		5A1C48312A72496400CC345A /* UIViewController+.swift */ = {isa = PBXFileReference; lastKnownFileType = sourcecode.swift; path = "UIViewController+.swift"; sourceTree = "<group>"; };
		5A1C48332A726B1300CC345A /* Setting.storyboard */ = {isa = PBXFileReference; lastKnownFileType = file.storyboard; path = Setting.storyboard; sourceTree = "<group>"; };
		5A1C48352A72731600CC345A /* SettingTableViewController.swift */ = {isa = PBXFileReference; lastKnownFileType = sourcecode.swift; path = SettingTableViewController.swift; sourceTree = "<group>"; };
		5A1C48372A7274AA00CC345A /* SettingType.swift */ = {isa = PBXFileReference; lastKnownFileType = sourcecode.swift; path = SettingType.swift; sourceTree = "<group>"; };
		5A1C483B2A7279E100CC345A /* ShoppingViewController.swift */ = {isa = PBXFileReference; lastKnownFileType = sourcecode.swift; path = ShoppingViewController.swift; sourceTree = "<group>"; };
		5A1C483D2A727DF100CC345A /* UITextField+.swift */ = {isa = PBXFileReference; lastKnownFileType = sourcecode.swift; path = "UITextField+.swift"; sourceTree = "<group>"; };
		5A1C483F2A72853200CC345A /* ShoppingTableViewCell.swift */ = {isa = PBXFileReference; lastKnownFileType = sourcecode.swift; path = ShoppingTableViewCell.swift; sourceTree = "<group>"; };
		5A1C48412A728A1500CC345A /* UserDefault.swift */ = {isa = PBXFileReference; lastKnownFileType = sourcecode.swift; path = UserDefault.swift; sourceTree = "<group>"; };
/* End PBXFileReference section */

/* Begin PBXFrameworksBuildPhase section */
		5A1C47F12A72002300CC345A /* Frameworks */ = {
			isa = PBXFrameworksBuildPhase;
			buildActionMask = 2147483647;
			files = (
			);
			runOnlyForDeploymentPostprocessing = 0;
		};
/* End PBXFrameworksBuildPhase section */

/* Begin PBXGroup section */
		5A1C47EB2A72002300CC345A = {
			isa = PBXGroup;
			children = (
				5A1C47F62A72002300CC345A /* SeSAC3Week3 */,
				5A1C47F52A72002300CC345A /* Products */,
			);
			sourceTree = "<group>";
		};
		5A1C47F52A72002300CC345A /* Products */ = {
			isa = PBXGroup;
			children = (
				5A1C47F42A72002300CC345A /* SeSAC3Week3.app */,
			);
			name = Products;
			sourceTree = "<group>";
		};
		5A1C47F62A72002300CC345A /* SeSAC3Week3 */ = {
			isa = PBXGroup;
			children = (
				5A1C484A2A728B5D00CC345A /* Study */,
				5A1C484B2A728B7600CC345A /* HomeWorks */,
				5A1C48522A728C1100CC345A /* Support */,
				5A1C48432A728AC700CC345A /* App */,
				5A1C48052A72002500CC345A /* Info.plist */,
			);
			path = SeSAC3Week3;
			sourceTree = "<group>";
		};
		5A1C48432A728AC700CC345A /* App */ = {
			isa = PBXGroup;
			children = (
				5A1C47F72A72002300CC345A /* AppDelegate.swift */,
				5A1C47F92A72002300CC345A /* SceneDelegate.swift */,
			);
			path = App;
			sourceTree = "<group>";
		};
		5A1C48442A728ADC00CC345A /* Screen */ = {
			isa = PBXGroup;
			children = (
				5A1C48332A726B1300CC345A /* Setting.storyboard */,
				5A1C48492A728B4C00CC345A /* Setting */,
				5A1C48482A728B1B00CC345A /* Shopping */,
			);
			path = Screen;
			sourceTree = "<group>";
		};
		5A1C48452A728AFA00CC345A /* Main */ = {
			isa = PBXGroup;
			children = (
				5A1C48472A728B0600CC345A /* ViewController */,
				5A1C48462A728B0300CC345A /* View */,
			);
			path = Main;
			sourceTree = "<group>";
		};
		5A1C48462A728B0300CC345A /* View */ = {
			isa = PBXGroup;
			children = (
				5A1C47FD2A72002300CC345A /* Main.storyboard */,
			);
			path = View;
			sourceTree = "<group>";
		};
		5A1C48472A728B0600CC345A /* ViewController */ = {
			isa = PBXGroup;
			children = (
				5A1C47FB2A72002300CC345A /* ViewController.swift */,
				5A1C480B2A720FED00CC345A /* TodoTableViewController.swift */,
				5A1C482D2A7232D000CC345A /* DoitTableViewController.swift */,
			);
			path = ViewController;
			sourceTree = "<group>";
		};
		5A1C48482A728B1B00CC345A /* Shopping */ = {
			isa = PBXGroup;
			children = (
				5A1C484E2A728BC900CC345A /* Cell */,
				5A1C484D2A728BB800CC345A /* ViewController */,
			);
			path = Shopping;
			sourceTree = "<group>";
		};
		5A1C48492A728B4C00CC345A /* Setting */ = {
			isa = PBXGroup;
			children = (
				5A1C484C2A728B9700CC345A /* ViewController */,
			);
			path = Setting;
			sourceTree = "<group>";
		};
		5A1C484A2A728B5D00CC345A /* Study */ = {
			isa = PBXGroup;
			children = (
				5A1C48452A728AFA00CC345A /* Main */,
			);
			path = Study;
			sourceTree = "<group>";
		};
		5A1C484B2A728B7600CC345A /* HomeWorks */ = {
			isa = PBXGroup;
			children = (
				5A1C484F2A728BE800CC345A /* Global */,
				5A1C48442A728ADC00CC345A /* Screen */,
			);
			path = HomeWorks;
			sourceTree = "<group>";
		};
		5A1C484C2A728B9700CC345A /* ViewController */ = {
			isa = PBXGroup;
			children = (
				5A1C48352A72731600CC345A /* SettingTableViewController.swift */,
			);
			path = ViewController;
			sourceTree = "<group>";
		};
		5A1C484D2A728BB800CC345A /* ViewController */ = {
			isa = PBXGroup;
			children = (
				5A1C483B2A7279E100CC345A /* ShoppingViewController.swift */,
			);
			path = ViewController;
			sourceTree = "<group>";
		};
		5A1C484E2A728BC900CC345A /* Cell */ = {
			isa = PBXGroup;
			children = (
				5A1C483F2A72853200CC345A /* ShoppingTableViewCell.swift */,
			);
			path = Cell;
			sourceTree = "<group>";
		};
		5A1C484F2A728BE800CC345A /* Global */ = {
			isa = PBXGroup;
			children = (
				5A1C48512A728C0300CC345A /* Extension */,
				5A1C48502A728BEE00CC345A /* Utill */,
			);
			path = Global;
			sourceTree = "<group>";
		};
		5A1C48502A728BEE00CC345A /* Utill */ = {
			isa = PBXGroup;
			children = (
				5A1C48372A7274AA00CC345A /* SettingType.swift */,
				5A1C48412A728A1500CC345A /* UserDefault.swift */,
			);
			path = Utill;
			sourceTree = "<group>";
		};
		5A1C48512A728C0300CC345A /* Extension */ = {
			isa = PBXGroup;
			children = (
				5A1C483D2A727DF100CC345A /* UITextField+.swift */,
				5A1C48312A72496400CC345A /* UIViewController+.swift */,
			);
			path = Extension;
			sourceTree = "<group>";
		};
		5A1C48522A728C1100CC345A /* Support */ = {
			isa = PBXGroup;
			children = (
				5A1C48002A72002500CC345A /* Assets.xcassets */,
				5A1C48022A72002500CC345A /* LaunchScreen.storyboard */,
			);
			path = Support;
			sourceTree = "<group>";
		};
/* End PBXGroup section */

/* Begin PBXNativeTarget section */
		5A1C47F32A72002300CC345A /* SeSAC3Week3 */ = {
			isa = PBXNativeTarget;
			buildConfigurationList = 5A1C48082A72002500CC345A /* Build configuration list for PBXNativeTarget "SeSAC3Week3" */;
			buildPhases = (
				5A1C47F02A72002300CC345A /* Sources */,
				5A1C47F12A72002300CC345A /* Frameworks */,
				5A1C47F22A72002300CC345A /* Resources */,
			);
			buildRules = (
			);
			dependencies = (
			);
			name = SeSAC3Week3;
			productName = SeSAC3Week3;
			productReference = 5A1C47F42A72002300CC345A /* SeSAC3Week3.app */;
			productType = "com.apple.product-type.application";
		};
/* End PBXNativeTarget section */

/* Begin PBXProject section */
		5A1C47EC2A72002300CC345A /* Project object */ = {
			isa = PBXProject;
			attributes = {
				BuildIndependentTargetsInParallel = 1;
				LastSwiftUpdateCheck = 1430;
				LastUpgradeCheck = 1430;
				TargetAttributes = {
					5A1C47F32A72002300CC345A = {
						CreatedOnToolsVersion = 14.3.1;
					};
				};
			};
			buildConfigurationList = 5A1C47EF2A72002300CC345A /* Build configuration list for PBXProject "SeSAC3Week3" */;
			compatibilityVersion = "Xcode 14.0";
			developmentRegion = en;
			hasScannedForEncodings = 0;
			knownRegions = (
				en,
				Base,
			);
			mainGroup = 5A1C47EB2A72002300CC345A;
			productRefGroup = 5A1C47F52A72002300CC345A /* Products */;
			projectDirPath = "";
			projectRoot = "";
			targets = (
				5A1C47F32A72002300CC345A /* SeSAC3Week3 */,
			);
		};
/* End PBXProject section */

/* Begin PBXResourcesBuildPhase section */
		5A1C47F22A72002300CC345A /* Resources */ = {
			isa = PBXResourcesBuildPhase;
			buildActionMask = 2147483647;
			files = (
				5A1C48042A72002500CC345A /* LaunchScreen.storyboard in Resources */,
				5A1C48012A72002500CC345A /* Assets.xcassets in Resources */,
				5A1C47FF2A72002300CC345A /* Main.storyboard in Resources */,
				5A1C48342A726B1300CC345A /* Setting.storyboard in Resources */,
			);
			runOnlyForDeploymentPostprocessing = 0;
		};
/* End PBXResourcesBuildPhase section */

/* Begin PBXSourcesBuildPhase section */
		5A1C47F02A72002300CC345A /* Sources */ = {
			isa = PBXSourcesBuildPhase;
			buildActionMask = 2147483647;
			files = (
				5A1C48362A72731600CC345A /* SettingTableViewController.swift in Sources */,
				5A1C483E2A727DF100CC345A /* UITextField+.swift in Sources */,
				5A1C483C2A7279E100CC345A /* ShoppingViewController.swift in Sources */,
				5A1C47FC2A72002300CC345A /* ViewController.swift in Sources */,
				5A1C480C2A720FED00CC345A /* TodoTableViewController.swift in Sources */,
				5A1C48402A72853300CC345A /* ShoppingTableViewCell.swift in Sources */,
				5A1C482E2A7232D000CC345A /* DoitTableViewController.swift in Sources */,
				5A1C48382A7274AA00CC345A /* SettingType.swift in Sources */,
				5A1C48422A728A1500CC345A /* UserDefault.swift in Sources */,
				5A1C48322A72496400CC345A /* UIViewController+.swift in Sources */,
				5A1C47F82A72002300CC345A /* AppDelegate.swift in Sources */,
				5A1C47FA2A72002300CC345A /* SceneDelegate.swift in Sources */,
			);
			runOnlyForDeploymentPostprocessing = 0;
		};
/* End PBXSourcesBuildPhase section */

/* Begin PBXVariantGroup section */
		5A1C47FD2A72002300CC345A /* Main.storyboard */ = {
			isa = PBXVariantGroup;
			children = (
				5A1C47FE2A72002300CC345A /* Base */,
			);
			name = Main.storyboard;
			sourceTree = "<group>";
		};
		5A1C48022A72002500CC345A /* LaunchScreen.storyboard */ = {
			isa = PBXVariantGroup;
			children = (
				5A1C48032A72002500CC345A /* Base */,
			);
			name = LaunchScreen.storyboard;
			sourceTree = "<group>";
		};
/* End PBXVariantGroup section */

/* Begin XCBuildConfiguration section */
		5A1C48062A72002500CC345A /* Debug */ = {
			isa = XCBuildConfiguration;
			buildSettings = {
				ALWAYS_SEARCH_USER_PATHS = NO;
				CLANG_ANALYZER_NONNULL = YES;
				CLANG_ANALYZER_NUMBER_OBJECT_CONVERSION = YES_AGGRESSIVE;
				CLANG_CXX_LANGUAGE_STANDARD = "gnu++20";
				CLANG_ENABLE_MODULES = YES;
				CLANG_ENABLE_OBJC_ARC = YES;
				CLANG_ENABLE_OBJC_WEAK = YES;
				CLANG_WARN_BLOCK_CAPTURE_AUTORELEASING = YES;
				CLANG_WARN_BOOL_CONVERSION = YES;
				CLANG_WARN_COMMA = YES;
				CLANG_WARN_CONSTANT_CONVERSION = YES;
				CLANG_WARN_DEPRECATED_OBJC_IMPLEMENTATIONS = YES;
				CLANG_WARN_DIRECT_OBJC_ISA_USAGE = YES_ERROR;
				CLANG_WARN_DOCUMENTATION_COMMENTS = YES;
				CLANG_WARN_EMPTY_BODY = YES;
				CLANG_WARN_ENUM_CONVERSION = YES;
				CLANG_WARN_INFINITE_RECURSION = YES;
				CLANG_WARN_INT_CONVERSION = YES;
				CLANG_WARN_NON_LITERAL_NULL_CONVERSION = YES;
				CLANG_WARN_OBJC_IMPLICIT_RETAIN_SELF = YES;
				CLANG_WARN_OBJC_LITERAL_CONVERSION = YES;
				CLANG_WARN_OBJC_ROOT_CLASS = YES_ERROR;
				CLANG_WARN_QUOTED_INCLUDE_IN_FRAMEWORK_HEADER = YES;
				CLANG_WARN_RANGE_LOOP_ANALYSIS = YES;
				CLANG_WARN_STRICT_PROTOTYPES = YES;
				CLANG_WARN_SUSPICIOUS_MOVE = YES;
				CLANG_WARN_UNGUARDED_AVAILABILITY = YES_AGGRESSIVE;
				CLANG_WARN_UNREACHABLE_CODE = YES;
				CLANG_WARN__DUPLICATE_METHOD_MATCH = YES;
				COPY_PHASE_STRIP = NO;
				DEBUG_INFORMATION_FORMAT = dwarf;
				ENABLE_STRICT_OBJC_MSGSEND = YES;
				ENABLE_TESTABILITY = YES;
				GCC_C_LANGUAGE_STANDARD = gnu11;
				GCC_DYNAMIC_NO_PIC = NO;
				GCC_NO_COMMON_BLOCKS = YES;
				GCC_OPTIMIZATION_LEVEL = 0;
				GCC_PREPROCESSOR_DEFINITIONS = (
					"DEBUG=1",
					"$(inherited)",
				);
				GCC_WARN_64_TO_32_BIT_CONVERSION = YES;
				GCC_WARN_ABOUT_RETURN_TYPE = YES_ERROR;
				GCC_WARN_UNDECLARED_SELECTOR = YES;
				GCC_WARN_UNINITIALIZED_AUTOS = YES_AGGRESSIVE;
				GCC_WARN_UNUSED_FUNCTION = YES;
				GCC_WARN_UNUSED_VARIABLE = YES;
				IPHONEOS_DEPLOYMENT_TARGET = 16.4;
				MTL_ENABLE_DEBUG_INFO = INCLUDE_SOURCE;
				MTL_FAST_MATH = YES;
				ONLY_ACTIVE_ARCH = YES;
				SDKROOT = iphoneos;
				SWIFT_ACTIVE_COMPILATION_CONDITIONS = DEBUG;
				SWIFT_OPTIMIZATION_LEVEL = "-Onone";
			};
			name = Debug;
		};
		5A1C48072A72002500CC345A /* Release */ = {
			isa = XCBuildConfiguration;
			buildSettings = {
				ALWAYS_SEARCH_USER_PATHS = NO;
				CLANG_ANALYZER_NONNULL = YES;
				CLANG_ANALYZER_NUMBER_OBJECT_CONVERSION = YES_AGGRESSIVE;
				CLANG_CXX_LANGUAGE_STANDARD = "gnu++20";
				CLANG_ENABLE_MODULES = YES;
				CLANG_ENABLE_OBJC_ARC = YES;
				CLANG_ENABLE_OBJC_WEAK = YES;
				CLANG_WARN_BLOCK_CAPTURE_AUTORELEASING = YES;
				CLANG_WARN_BOOL_CONVERSION = YES;
				CLANG_WARN_COMMA = YES;
				CLANG_WARN_CONSTANT_CONVERSION = YES;
				CLANG_WARN_DEPRECATED_OBJC_IMPLEMENTATIONS = YES;
				CLANG_WARN_DIRECT_OBJC_ISA_USAGE = YES_ERROR;
				CLANG_WARN_DOCUMENTATION_COMMENTS = YES;
				CLANG_WARN_EMPTY_BODY = YES;
				CLANG_WARN_ENUM_CONVERSION = YES;
				CLANG_WARN_INFINITE_RECURSION = YES;
				CLANG_WARN_INT_CONVERSION = YES;
				CLANG_WARN_NON_LITERAL_NULL_CONVERSION = YES;
				CLANG_WARN_OBJC_IMPLICIT_RETAIN_SELF = YES;
				CLANG_WARN_OBJC_LITERAL_CONVERSION = YES;
				CLANG_WARN_OBJC_ROOT_CLASS = YES_ERROR;
				CLANG_WARN_QUOTED_INCLUDE_IN_FRAMEWORK_HEADER = YES;
				CLANG_WARN_RANGE_LOOP_ANALYSIS = YES;
				CLANG_WARN_STRICT_PROTOTYPES = YES;
				CLANG_WARN_SUSPICIOUS_MOVE = YES;
				CLANG_WARN_UNGUARDED_AVAILABILITY = YES_AGGRESSIVE;
				CLANG_WARN_UNREACHABLE_CODE = YES;
				CLANG_WARN__DUPLICATE_METHOD_MATCH = YES;
				COPY_PHASE_STRIP = NO;
				DEBUG_INFORMATION_FORMAT = "dwarf-with-dsym";
				ENABLE_NS_ASSERTIONS = NO;
				ENABLE_STRICT_OBJC_MSGSEND = YES;
				GCC_C_LANGUAGE_STANDARD = gnu11;
				GCC_NO_COMMON_BLOCKS = YES;
				GCC_WARN_64_TO_32_BIT_CONVERSION = YES;
				GCC_WARN_ABOUT_RETURN_TYPE = YES_ERROR;
				GCC_WARN_UNDECLARED_SELECTOR = YES;
				GCC_WARN_UNINITIALIZED_AUTOS = YES_AGGRESSIVE;
				GCC_WARN_UNUSED_FUNCTION = YES;
				GCC_WARN_UNUSED_VARIABLE = YES;
				IPHONEOS_DEPLOYMENT_TARGET = 16.4;
				MTL_ENABLE_DEBUG_INFO = NO;
				MTL_FAST_MATH = YES;
				SDKROOT = iphoneos;
				SWIFT_COMPILATION_MODE = wholemodule;
				SWIFT_OPTIMIZATION_LEVEL = "-O";
				VALIDATE_PRODUCT = YES;
			};
			name = Release;
		};
		5A1C48092A72002500CC345A /* Debug */ = {
			isa = XCBuildConfiguration;
			buildSettings = {
				ASSETCATALOG_COMPILER_APPICON_NAME = AppIcon;
				ASSETCATALOG_COMPILER_GLOBAL_ACCENT_COLOR_NAME = AccentColor;
				CODE_SIGN_STYLE = Automatic;
				CURRENT_PROJECT_VERSION = 1;
				DEVELOPMENT_TEAM = 8LJ2P85FNV;
				GENERATE_INFOPLIST_FILE = YES;
				INFOPLIST_FILE = SeSAC3Week3/Info.plist;
				INFOPLIST_KEY_UIApplicationSupportsIndirectInputEvents = YES;
				INFOPLIST_KEY_UILaunchStoryboardName = LaunchScreen;
				INFOPLIST_KEY_UIMainStoryboardFile = Main;
				INFOPLIST_KEY_UISupportedInterfaceOrientations_iPad = "UIInterfaceOrientationPortrait UIInterfaceOrientationPortraitUpsideDown UIInterfaceOrientationLandscapeLeft UIInterfaceOrientationLandscapeRight";
				INFOPLIST_KEY_UISupportedInterfaceOrientations_iPhone = "UIInterfaceOrientationPortrait UIInterfaceOrientationLandscapeLeft UIInterfaceOrientationLandscapeRight";
				LD_RUNPATH_SEARCH_PATHS = (
					"$(inherited)",
					"@executable_path/Frameworks",
				);
				MARKETING_VERSION = 1.0;
				PRODUCT_BUNDLE_IDENTIFIER = com.ios.SeSAC3Week3;
				PRODUCT_NAME = "$(TARGET_NAME)";
				SWIFT_EMIT_LOC_STRINGS = YES;
				SWIFT_VERSION = 5.0;
				TARGETED_DEVICE_FAMILY = "1,2";
			};
			name = Debug;
		};
		5A1C480A2A72002500CC345A /* Release */ = {
			isa = XCBuildConfiguration;
			buildSettings = {
				ASSETCATALOG_COMPILER_APPICON_NAME = AppIcon;
				ASSETCATALOG_COMPILER_GLOBAL_ACCENT_COLOR_NAME = AccentColor;
				CODE_SIGN_STYLE = Automatic;
				CURRENT_PROJECT_VERSION = 1;
				DEVELOPMENT_TEAM = 8LJ2P85FNV;
				GENERATE_INFOPLIST_FILE = YES;
				INFOPLIST_FILE = SeSAC3Week3/Info.plist;
				INFOPLIST_KEY_UIApplicationSupportsIndirectInputEvents = YES;
				INFOPLIST_KEY_UILaunchStoryboardName = LaunchScreen;
				INFOPLIST_KEY_UIMainStoryboardFile = Main;
				INFOPLIST_KEY_UISupportedInterfaceOrientations_iPad = "UIInterfaceOrientationPortrait UIInterfaceOrientationPortraitUpsideDown UIInterfaceOrientationLandscapeLeft UIInterfaceOrientationLandscapeRight";
				INFOPLIST_KEY_UISupportedInterfaceOrientations_iPhone = "UIInterfaceOrientationPortrait UIInterfaceOrientationLandscapeLeft UIInterfaceOrientationLandscapeRight";
				LD_RUNPATH_SEARCH_PATHS = (
					"$(inherited)",
					"@executable_path/Frameworks",
				);
				MARKETING_VERSION = 1.0;
				PRODUCT_BUNDLE_IDENTIFIER = com.ios.SeSAC3Week3;
				PRODUCT_NAME = "$(TARGET_NAME)";
				SWIFT_EMIT_LOC_STRINGS = YES;
				SWIFT_VERSION = 5.0;
				TARGETED_DEVICE_FAMILY = "1,2";
			};
			name = Release;
		};
/* End XCBuildConfiguration section */

/* Begin XCConfigurationList section */
		5A1C47EF2A72002300CC345A /* Build configuration list for PBXProject "SeSAC3Week3" */ = {
			isa = XCConfigurationList;
			buildConfigurations = (
				5A1C48062A72002500CC345A /* Debug */,
				5A1C48072A72002500CC345A /* Release */,
			);
			defaultConfigurationIsVisible = 0;
			defaultConfigurationName = Release;
		};
		5A1C48082A72002500CC345A /* Build configuration list for PBXNativeTarget "SeSAC3Week3" */ = {
			isa = XCConfigurationList;
			buildConfigurations = (
				5A1C48092A72002500CC345A /* Debug */,
				5A1C480A2A72002500CC345A /* Release */,
			);
			defaultConfigurationIsVisible = 0;
			defaultConfigurationName = Release;
		};
/* End XCConfigurationList section */
	};
	rootObject = 5A1C47EC2A72002300CC345A /* Project object */;
}
